// !$*UTF8*$!
{
	archiveVersion = 1;
	classes = {
	};
	objectVersion = 56;
	objects = {

/* Begin PBXBuildFile section */
		F10679A72A7DE9BB00C14855 /* ModifyRecipeView.swift in Sources */ = {isa = PBXBuildFile; fileRef = F10679A62A7DE9BA00C14855 /* ModifyRecipeView.swift */; };
		F135C4642A7AF8E10030A8E6 /* Recipe.swift in Sources */ = {isa = PBXBuildFile; fileRef = F135C4632A7AF8E10030A8E6 /* Recipe.swift */; };
		F1A1F1AB2A7AF7AE009A0C48 /* CookcademyApp.swift in Sources */ = {isa = PBXBuildFile; fileRef = F1A1F1AA2A7AF7AE009A0C48 /* CookcademyApp.swift */; };
		F1A1F1AD2A7AF7AE009A0C48 /* RecipesListView.swift in Sources */ = {isa = PBXBuildFile; fileRef = F1A1F1AC2A7AF7AE009A0C48 /* RecipesListView.swift */; };
		F1A1F1AF2A7AF7B0009A0C48 /* Assets.xcassets in Resources */ = {isa = PBXBuildFile; fileRef = F1A1F1AE2A7AF7B0009A0C48 /* Assets.xcassets */; };
		F1A1F1B22A7AF7B0009A0C48 /* Preview Assets.xcassets in Resources */ = {isa = PBXBuildFile; fileRef = F1A1F1B12A7AF7B0009A0C48 /* Preview Assets.xcassets */; };
		F1AEA99B2A7B1FC500614EA0 /* RecipeDetailView.swift in Sources */ = {isa = PBXBuildFile; fileRef = F1AEA99A2A7B1FC500614EA0 /* RecipeDetailView.swift */; };
		F1DE19782A7B257B003ED31C /* AppColor.swift in Sources */ = {isa = PBXBuildFile; fileRef = F1DE19772A7B257B003ED31C /* AppColor.swift */; };
		F1F48F942A7C85080003841F /* RecipeCategoryGridView.swift in Sources */ = {isa = PBXBuildFile; fileRef = F1F48F932A7C85080003841F /* RecipeCategoryGridView.swift */; };
		F1F48F952A7C8D2C0003841F /* RecipeData.swift in Sources */ = {isa = PBXBuildFile; fileRef = F16006622A7B1A1800FA7E98 /* RecipeData.swift */; };
/* End PBXBuildFile section */

/* Begin PBXFileReference section */
		F10679A62A7DE9BA00C14855 /* ModifyRecipeView.swift */ = {isa = PBXFileReference; fileEncoding = 4; lastKnownFileType = sourcecode.swift; path = ModifyRecipeView.swift; sourceTree = "<group>"; };
		F135C4632A7AF8E10030A8E6 /* Recipe.swift */ = {isa = PBXFileReference; lastKnownFileType = sourcecode.swift; path = Recipe.swift; sourceTree = "<group>"; };
		F16006622A7B1A1800FA7E98 /* RecipeData.swift */ = {isa = PBXFileReference; fileEncoding = 4; lastKnownFileType = sourcecode.swift; name = RecipeData.swift; path = Cookcademy/ViewModels/RecipeData.swift; sourceTree = SOURCE_ROOT; };
		F1A1F1A72A7AF7AE009A0C48 /* Cookcademy.app */ = {isa = PBXFileReference; explicitFileType = wrapper.application; includeInIndex = 0; path = Cookcademy.app; sourceTree = BUILT_PRODUCTS_DIR; };
		F1A1F1AA2A7AF7AE009A0C48 /* CookcademyApp.swift */ = {isa = PBXFileReference; lastKnownFileType = sourcecode.swift; path = CookcademyApp.swift; sourceTree = "<group>"; };
		F1A1F1AC2A7AF7AE009A0C48 /* RecipesListView.swift */ = {isa = PBXFileReference; lastKnownFileType = sourcecode.swift; path = RecipesListView.swift; sourceTree = "<group>"; };
		F1A1F1AE2A7AF7B0009A0C48 /* Assets.xcassets */ = {isa = PBXFileReference; lastKnownFileType = folder.assetcatalog; path = Assets.xcassets; sourceTree = "<group>"; };
		F1A1F1B12A7AF7B0009A0C48 /* Preview Assets.xcassets */ = {isa = PBXFileReference; lastKnownFileType = folder.assetcatalog; path = "Preview Assets.xcassets"; sourceTree = "<group>"; };
		F1AEA99A2A7B1FC500614EA0 /* RecipeDetailView.swift */ = {isa = PBXFileReference; fileEncoding = 4; lastKnownFileType = sourcecode.swift; path = RecipeDetailView.swift; sourceTree = "<group>"; };
		F1DE19772A7B257B003ED31C /* AppColor.swift */ = {isa = PBXFileReference; fileEncoding = 4; lastKnownFileType = sourcecode.swift; path = AppColor.swift; sourceTree = "<group>"; };
		F1F48F932A7C85080003841F /* RecipeCategoryGridView.swift */ = {isa = PBXFileReference; fileEncoding = 4; lastKnownFileType = sourcecode.swift; path = RecipeCategoryGridView.swift; sourceTree = "<group>"; };
/* End PBXFileReference section */

/* Begin PBXFrameworksBuildPhase section */
		F1A1F1A42A7AF7AE009A0C48 /* Frameworks */ = {
			isa = PBXFrameworksBuildPhase;
			buildActionMask = 2147483647;
			files = (
			);
			runOnlyForDeploymentPostprocessing = 0;
		};
/* End PBXFrameworksBuildPhase section */

/* Begin PBXGroup section */
		F186AE8A2A7B17750063B86D /* Views */ = {
			isa = PBXGroup;
			children = (
				F1F48FB02A7DE8F40003841F /* ExploreRecipes */,
				F1F48FB12A7DE9170003841F /* ModifyRecipes */,
			);
			path = Views;
			sourceTree = "<group>";
		};
		F186AE8B2A7B17840063B86D /* ViewModels */ = {
			isa = PBXGroup;
			children = (
				F16006622A7B1A1800FA7E98 /* RecipeData.swift */,
				F1DE19772A7B257B003ED31C /* AppColor.swift */,
			);
			path = ViewModels;
			sourceTree = "<group>";
		};
		F186AE8C2A7B17990063B86D /* Models */ = {
			isa = PBXGroup;
			children = (
				F135C4632A7AF8E10030A8E6 /* Recipe.swift */,
			);
			path = Models;
			sourceTree = "<group>";
		};
		F1A1F19E2A7AF7AE009A0C48 = {
			isa = PBXGroup;
			children = (
				F1A1F1A92A7AF7AE009A0C48 /* Cookcademy */,
				F1A1F1A82A7AF7AE009A0C48 /* Products */,
			);
			sourceTree = "<group>";
		};
		F1A1F1A82A7AF7AE009A0C48 /* Products */ = {
			isa = PBXGroup;
			children = (
				F1A1F1A72A7AF7AE009A0C48 /* Cookcademy.app */,
			);
			name = Products;
			sourceTree = "<group>";
		};
		F1A1F1A92A7AF7AE009A0C48 /* Cookcademy */ = {
			isa = PBXGroup;
			children = (
				F186AE8B2A7B17840063B86D /* ViewModels */,
				F186AE8A2A7B17750063B86D /* Views */,
				F186AE8C2A7B17990063B86D /* Models */,
				F1A1F1AA2A7AF7AE009A0C48 /* CookcademyApp.swift */,
				F1A1F1AE2A7AF7B0009A0C48 /* Assets.xcassets */,
				F1A1F1B02A7AF7B0009A0C48 /* Preview Content */,
			);
			path = Cookcademy;
			sourceTree = "<group>";
		};
		F1A1F1B02A7AF7B0009A0C48 /* Preview Content */ = {
			isa = PBXGroup;
			children = (
				F1A1F1B12A7AF7B0009A0C48 /* Preview Assets.xcassets */,
			);
			path = "Preview Content";
			sourceTree = "<group>";
		};
		F1F48FB02A7DE8F40003841F /* ExploreRecipes */ = {
			isa = PBXGroup;
			children = (
				F1A1F1AC2A7AF7AE009A0C48 /* RecipesListView.swift */,
				F1AEA99A2A7B1FC500614EA0 /* RecipeDetailView.swift */,
				F1F48F932A7C85080003841F /* RecipeCategoryGridView.swift */,
			);
			path = ExploreRecipes;
			sourceTree = "<group>";
		};
		F1F48FB12A7DE9170003841F /* ModifyRecipes */ = {
			isa = PBXGroup;
			children = (
				F10679A62A7DE9BA00C14855 /* ModifyRecipeView.swift */,
			);
			path = ModifyRecipes;
			sourceTree = "<group>";
		};
/* End PBXGroup section */

/* Begin PBXNativeTarget section */
		F1A1F1A62A7AF7AE009A0C48 /* Cookcademy */ = {
			isa = PBXNativeTarget;
			buildConfigurationList = F1A1F1B52A7AF7B0009A0C48 /* Build configuration list for PBXNativeTarget "Cookcademy" */;
			buildPhases = (
				F1A1F1A32A7AF7AE009A0C48 /* Sources */,
				F1A1F1A42A7AF7AE009A0C48 /* Frameworks */,
				F1A1F1A52A7AF7AE009A0C48 /* Resources */,
			);
			buildRules = (
			);
			dependencies = (
			);
			name = Cookcademy;
			productName = Cookcademy;
			productReference = F1A1F1A72A7AF7AE009A0C48 /* Cookcademy.app */;
			productType = "com.apple.product-type.application";
		};
/* End PBXNativeTarget section */

/* Begin PBXProject section */
		F1A1F19F2A7AF7AE009A0C48 /* Project object */ = {
			isa = PBXProject;
			attributes = {
				BuildIndependentTargetsInParallel = 1;
				LastSwiftUpdateCheck = 1500;
				LastUpgradeCheck = 1500;
				TargetAttributes = {
					F1A1F1A62A7AF7AE009A0C48 = {
						CreatedOnToolsVersion = 15.0;
					};
				};
			};
			buildConfigurationList = F1A1F1A22A7AF7AE009A0C48 /* Build configuration list for PBXProject "Cookcademy" */;
			compatibilityVersion = "Xcode 14.0";
			developmentRegion = en;
			hasScannedForEncodings = 0;
			knownRegions = (
				en,
				Base,
			);
			mainGroup = F1A1F19E2A7AF7AE009A0C48;
			productRefGroup = F1A1F1A82A7AF7AE009A0C48 /* Products */;
			projectDirPath = "";
			projectRoot = "";
			targets = (
				F1A1F1A62A7AF7AE009A0C48 /* Cookcademy */,
			);
		};
/* End PBXProject section */

/* Begin PBXResourcesBuildPhase section */
		F1A1F1A52A7AF7AE009A0C48 /* Resources */ = {
			isa = PBXResourcesBuildPhase;
			buildActionMask = 2147483647;
			files = (
				F1A1F1B22A7AF7B0009A0C48 /* Preview Assets.xcassets in Resources */,
				F1A1F1AF2A7AF7B0009A0C48 /* Assets.xcassets in Resources */,
			);
			runOnlyForDeploymentPostprocessing = 0;
		};
/* End PBXResourcesBuildPhase section */

/* Begin PBXSourcesBuildPhase section */
		F1A1F1A32A7AF7AE009A0C48 /* Sources */ = {
			isa = PBXSourcesBuildPhase;
			buildActionMask = 2147483647;
			files = (
				F135C4642A7AF8E10030A8E6 /* Recipe.swift in Sources */,
				F1AEA99B2A7B1FC500614EA0 /* RecipeDetailView.swift in Sources */,
				F1F48F952A7C8D2C0003841F /* RecipeData.swift in Sources */,
				F1F48F942A7C85080003841F /* RecipeCategoryGridView.swift in Sources */,
				F10679A72A7DE9BB00C14855 /* ModifyRecipeView.swift in Sources */,
				F1A1F1AD2A7AF7AE009A0C48 /* RecipesListView.swift in Sources */,
				F1A1F1AB2A7AF7AE009A0C48 /* CookcademyApp.swift in Sources */,
				F1DE19782A7B257B003ED31C /* AppColor.swift in Sources */,
			);
			runOnlyForDeploymentPostprocessing = 0;
		};
/* End PBXSourcesBuildPhase section */

/* Begin XCBuildConfiguration section */
		F1A1F1B32A7AF7B0009A0C48 /* Debug */ = {
			isa = XCBuildConfiguration;
			buildSettings = {
				ALWAYS_SEARCH_USER_PATHS = NO;
				ASSETCATALOG_COMPILER_GENERATE_SWIFT_ASSET_SYMBOL_EXTENSIONS = YES;
				CLANG_ANALYZER_NONNULL = YES;
				CLANG_ANALYZER_NUMBER_OBJECT_CONVERSION = YES_AGGRESSIVE;
				CLANG_CXX_LANGUAGE_STANDARD = "gnu++20";
				CLANG_ENABLE_MODULES = YES;
				CLANG_ENABLE_OBJC_ARC = YES;
				CLANG_ENABLE_OBJC_WEAK = YES;
				CLANG_WARN_BLOCK_CAPTURE_AUTORELEASING = YES;
				CLANG_WARN_BOOL_CONVERSION = YES;
				CLANG_WARN_COMMA = YES;
				CLANG_WARN_CONSTANT_CONVERSION = YES;
				CLANG_WARN_DEPRECATED_OBJC_IMPLEMENTATIONS = YES;
				CLANG_WARN_DIRECT_OBJC_ISA_USAGE = YES_ERROR;
				CLANG_WARN_DOCUMENTATION_COMMENTS = YES;
				CLANG_WARN_EMPTY_BODY = YES;
				CLANG_WARN_ENUM_CONVERSION = YES;
				CLANG_WARN_INFINITE_RECURSION = YES;
				CLANG_WARN_INT_CONVERSION = YES;
				CLANG_WARN_NON_LITERAL_NULL_CONVERSION = YES;
				CLANG_WARN_OBJC_IMPLICIT_RETAIN_SELF = YES;
				CLANG_WARN_OBJC_LITERAL_CONVERSION = YES;
				CLANG_WARN_OBJC_ROOT_CLASS = YES_ERROR;
				CLANG_WARN_QUOTED_INCLUDE_IN_FRAMEWORK_HEADER = YES;
				CLANG_WARN_RANGE_LOOP_ANALYSIS = YES;
				CLANG_WARN_STRICT_PROTOTYPES = YES;
				CLANG_WARN_SUSPICIOUS_MOVE = YES;
				CLANG_WARN_UNGUARDED_AVAILABILITY = YES_AGGRESSIVE;
				CLANG_WARN_UNREACHABLE_CODE = YES;
				CLANG_WARN__DUPLICATE_METHOD_MATCH = YES;
				COPY_PHASE_STRIP = NO;
				DEBUG_INFORMATION_FORMAT = dwarf;
				ENABLE_STRICT_OBJC_MSGSEND = YES;
				ENABLE_TESTABILITY = YES;
				ENABLE_USER_SCRIPT_SANDBOXING = YES;
				GCC_C_LANGUAGE_STANDARD = gnu17;
				GCC_DYNAMIC_NO_PIC = NO;
				GCC_NO_COMMON_BLOCKS = YES;
				GCC_OPTIMIZATION_LEVEL = 0;
				GCC_PREPROCESSOR_DEFINITIONS = (
					"DEBUG=1",
					"$(inherited)",
				);
				GCC_WARN_64_TO_32_BIT_CONVERSION = YES;
				GCC_WARN_ABOUT_RETURN_TYPE = YES_ERROR;
				GCC_WARN_UNDECLARED_SELECTOR = YES;
				GCC_WARN_UNINITIALIZED_AUTOS = YES_AGGRESSIVE;
				GCC_WARN_UNUSED_FUNCTION = YES;
				GCC_WARN_UNUSED_VARIABLE = YES;
				IPHONEOS_DEPLOYMENT_TARGET = 17.0;
				LOCALIZATION_PREFERS_STRING_CATALOGS = YES;
				MTL_ENABLE_DEBUG_INFO = INCLUDE_SOURCE;
				MTL_FAST_MATH = YES;
				ONLY_ACTIVE_ARCH = YES;
				SDKROOT = iphoneos;
				SWIFT_ACTIVE_COMPILATION_CONDITIONS = "DEBUG $(inherited)";
				SWIFT_OPTIMIZATION_LEVEL = "-Onone";
			};
			name = Debug;
		};
		F1A1F1B42A7AF7B0009A0C48 /* Release */ = {
			isa = XCBuildConfiguration;
			buildSettings = {
				ALWAYS_SEARCH_USER_PATHS = NO;
				ASSETCATALOG_COMPILER_GENERATE_SWIFT_ASSET_SYMBOL_EXTENSIONS = YES;
				CLANG_ANALYZER_NONNULL = YES;
				CLANG_ANALYZER_NUMBER_OBJECT_CONVERSION = YES_AGGRESSIVE;
				CLANG_CXX_LANGUAGE_STANDARD = "gnu++20";
				CLANG_ENABLE_MODULES = YES;
				CLANG_ENABLE_OBJC_ARC = YES;
				CLANG_ENABLE_OBJC_WEAK = YES;
				CLANG_WARN_BLOCK_CAPTURE_AUTORELEASING = YES;
				CLANG_WARN_BOOL_CONVERSION = YES;
				CLANG_WARN_COMMA = YES;
				CLANG_WARN_CONSTANT_CONVERSION = YES;
				CLANG_WARN_DEPRECATED_OBJC_IMPLEMENTATIONS = YES;
				CLANG_WARN_DIRECT_OBJC_ISA_USAGE = YES_ERROR;
				CLANG_WARN_DOCUMENTATION_COMMENTS = YES;
				CLANG_WARN_EMPTY_BODY = YES;
				CLANG_WARN_ENUM_CONVERSION = YES;
				CLANG_WARN_INFINITE_RECURSION = YES;
				CLANG_WARN_INT_CONVERSION = YES;
				CLANG_WARN_NON_LITERAL_NULL_CONVERSION = YES;
				CLANG_WARN_OBJC_IMPLICIT_RETAIN_SELF = YES;
				CLANG_WARN_OBJC_LITERAL_CONVERSION = YES;
				CLANG_WARN_OBJC_ROOT_CLASS = YES_ERROR;
				CLANG_WARN_QUOTED_INCLUDE_IN_FRAMEWORK_HEADER = YES;
				CLANG_WARN_RANGE_LOOP_ANALYSIS = YES;
				CLANG_WARN_STRICT_PROTOTYPES = YES;
				CLANG_WARN_SUSPICIOUS_MOVE = YES;
				CLANG_WARN_UNGUARDED_AVAILABILITY = YES_AGGRESSIVE;
				CLANG_WARN_UNREACHABLE_CODE = YES;
				CLANG_WARN__DUPLICATE_METHOD_MATCH = YES;
				COPY_PHASE_STRIP = NO;
				DEBUG_INFORMATION_FORMAT = "dwarf-with-dsym";
				ENABLE_NS_ASSERTIONS = NO;
				ENABLE_STRICT_OBJC_MSGSEND = YES;
				ENABLE_USER_SCRIPT_SANDBOXING = YES;
				GCC_C_LANGUAGE_STANDARD = gnu17;
				GCC_NO_COMMON_BLOCKS = YES;
				GCC_WARN_64_TO_32_BIT_CONVERSION = YES;
				GCC_WARN_ABOUT_RETURN_TYPE = YES_ERROR;
				GCC_WARN_UNDECLARED_SELECTOR = YES;
				GCC_WARN_UNINITIALIZED_AUTOS = YES_AGGRESSIVE;
				GCC_WARN_UNUSED_FUNCTION = YES;
				GCC_WARN_UNUSED_VARIABLE = YES;
				IPHONEOS_DEPLOYMENT_TARGET = 17.0;
				LOCALIZATION_PREFERS_STRING_CATALOGS = YES;
				MTL_ENABLE_DEBUG_INFO = NO;
				MTL_FAST_MATH = YES;
				SDKROOT = iphoneos;
				SWIFT_COMPILATION_MODE = wholemodule;
				VALIDATE_PRODUCT = YES;
			};
			name = Release;
		};
		F1A1F1B62A7AF7B0009A0C48 /* Debug */ = {
			isa = XCBuildConfiguration;
			buildSettings = {
				ASSETCATALOG_COMPILER_APPICON_NAME = AppIcon;
				ASSETCATALOG_COMPILER_GLOBAL_ACCENT_COLOR_NAME = AccentColor;
				CODE_SIGN_STYLE = Automatic;
				CURRENT_PROJECT_VERSION = 1;
				DEVELOPMENT_ASSET_PATHS = "\"Cookcademy/Preview Content\"";
				DEVELOPMENT_TEAM = 7829FZ7A7M;
				ENABLE_PREVIEWS = YES;
				GENERATE_INFOPLIST_FILE = YES;
				INFOPLIST_KEY_UIApplicationSceneManifest_Generation = YES;
				INFOPLIST_KEY_UIApplicationSupportsIndirectInputEvents = YES;
				INFOPLIST_KEY_UILaunchScreen_Generation = YES;
				INFOPLIST_KEY_UISupportedInterfaceOrientations_iPad = "UIInterfaceOrientationPortrait UIInterfaceOrientationPortraitUpsideDown UIInterfaceOrientationLandscapeLeft UIInterfaceOrientationLandscapeRight";
				INFOPLIST_KEY_UISupportedInterfaceOrientations_iPhone = "UIInterfaceOrientationPortrait UIInterfaceOrientationLandscapeLeft UIInterfaceOrientationLandscapeRight";
				LD_RUNPATH_SEARCH_PATHS = (
					"$(inherited)",
					"@executable_path/Frameworks",
				);
				MARKETING_VERSION = 1.0;
				PRODUCT_BUNDLE_IDENTIFIER = brandonkamplain.Cookcademy;
				PRODUCT_NAME = "$(TARGET_NAME)";
				SWIFT_EMIT_LOC_STRINGS = YES;
				SWIFT_VERSION = 5.0;
				TARGETED_DEVICE_FAMILY = "1,2";
			};
			name = Debug;
		};
		F1A1F1B72A7AF7B0009A0C48 /* Release */ = {
			isa = XCBuildConfiguration;
			buildSettings = {
				ASSETCATALOG_COMPILER_APPICON_NAME = AppIcon;
				ASSETCATALOG_COMPILER_GLOBAL_ACCENT_COLOR_NAME = AccentColor;
				CODE_SIGN_STYLE = Automatic;
				CURRENT_PROJECT_VERSION = 1;
				DEVELOPMENT_ASSET_PATHS = "\"Cookcademy/Preview Content\"";
				DEVELOPMENT_TEAM = 7829FZ7A7M;
				ENABLE_PREVIEWS = YES;
				GENERATE_INFOPLIST_FILE = YES;
				INFOPLIST_KEY_UIApplicationSceneManifest_Generation = YES;
				INFOPLIST_KEY_UIApplicationSupportsIndirectInputEvents = YES;
				INFOPLIST_KEY_UILaunchScreen_Generation = YES;
				INFOPLIST_KEY_UISupportedInterfaceOrientations_iPad = "UIInterfaceOrientationPortrait UIInterfaceOrientationPortraitUpsideDown UIInterfaceOrientationLandscapeLeft UIInterfaceOrientationLandscapeRight";
				INFOPLIST_KEY_UISupportedInterfaceOrientations_iPhone = "UIInterfaceOrientationPortrait UIInterfaceOrientationLandscapeLeft UIInterfaceOrientationLandscapeRight";
				LD_RUNPATH_SEARCH_PATHS = (
					"$(inherited)",
					"@executable_path/Frameworks",
				);
				MARKETING_VERSION = 1.0;
				PRODUCT_BUNDLE_IDENTIFIER = brandonkamplain.Cookcademy;
				PRODUCT_NAME = "$(TARGET_NAME)";
				SWIFT_EMIT_LOC_STRINGS = YES;
				SWIFT_VERSION = 5.0;
				TARGETED_DEVICE_FAMILY = "1,2";
			};
			name = Release;
		};
/* End XCBuildConfiguration section */

/* Begin XCConfigurationList section */
		F1A1F1A22A7AF7AE009A0C48 /* Build configuration list for PBXProject "Cookcademy" */ = {
			isa = XCConfigurationList;
			buildConfigurations = (
				F1A1F1B32A7AF7B0009A0C48 /* Debug */,
				F1A1F1B42A7AF7B0009A0C48 /* Release */,
			);
			defaultConfigurationIsVisible = 0;
			defaultConfigurationName = Release;
		};
		F1A1F1B52A7AF7B0009A0C48 /* Build configuration list for PBXNativeTarget "Cookcademy" */ = {
			isa = XCConfigurationList;
			buildConfigurations = (
				F1A1F1B62A7AF7B0009A0C48 /* Debug */,
				F1A1F1B72A7AF7B0009A0C48 /* Release */,
			);
			defaultConfigurationIsVisible = 0;
			defaultConfigurationName = Release;
		};
/* End XCConfigurationList section */
	};
	rootObject = F1A1F19F2A7AF7AE009A0C48 /* Project object */;
}
