// !$*UTF8*$!
{
	archiveVersion = 1;
	classes = {
	};
	objectVersion = 56;
	objects = {

/* Begin PBXBuildFile section */
		F105C8372A85C03300C9DB47 /* SocialcademyApp.swift in Sources */ = {isa = PBXBuildFile; fileRef = F105C8362A85C03300C9DB47 /* SocialcademyApp.swift */; };
		F105C83B2A85C03500C9DB47 /* Assets.xcassets in Resources */ = {isa = PBXBuildFile; fileRef = F105C83A2A85C03500C9DB47 /* Assets.xcassets */; };
		F105C83E2A85C03500C9DB47 /* Preview Assets.xcassets in Resources */ = {isa = PBXBuildFile; fileRef = F105C83D2A85C03500C9DB47 /* Preview Assets.xcassets */; };
		F105C8462A85C1E100C9DB47 /* FirebaseAnalytics in Frameworks */ = {isa = PBXBuildFile; productRef = F105C8452A85C1E100C9DB47 /* FirebaseAnalytics */; };
		F105C8482A85C1E100C9DB47 /* FirebaseFirestore in Frameworks */ = {isa = PBXBuildFile; productRef = F105C8472A85C1E100C9DB47 /* FirebaseFirestore */; };
		F105C84A2A85C1E100C9DB47 /* FirebaseFirestoreSwift in Frameworks */ = {isa = PBXBuildFile; productRef = F105C8492A85C1E100C9DB47 /* FirebaseFirestoreSwift */; };
		F105C84C2A85C39D00C9DB47 /* GoogleService-Info.plist in Resources */ = {isa = PBXBuildFile; fileRef = F105C84B2A85C39D00C9DB47 /* GoogleService-Info.plist */; };
		F105C8542A85C9F700C9DB47 /* PostsList.swift in Sources */ = {isa = PBXBuildFile; fileRef = F105C8532A85C9F700C9DB47 /* PostsList.swift */; };
		F105C8552A85CC0600C9DB47 /* Post.swift in Sources */ = {isa = PBXBuildFile; fileRef = F105C8512A85C5AE00C9DB47 /* Post.swift */; };
		F107B8522A85CFC40082631E /* PostRow.swift in Sources */ = {isa = PBXBuildFile; fileRef = F107B8512A85CFC40082631E /* PostRow.swift */; };
		F107B8542A87202B0082631E /* NewPostForm.swift in Sources */ = {isa = PBXBuildFile; fileRef = F107B8532A87202B0082631E /* NewPostForm.swift */; };
		F107B8572A8724070082631E /* PostsViewModel.swift in Sources */ = {isa = PBXBuildFile; fileRef = F107B8562A8724070082631E /* PostsViewModel.swift */; };
		F10EDCE92A88961000E073D0 /* User.swift in Sources */ = {isa = PBXBuildFile; fileRef = F10EDCE82A88961000E073D0 /* User.swift */; };
		F10EDCEB2A889A6F00E073D0 /* ViewModelFactory.swift in Sources */ = {isa = PBXBuildFile; fileRef = F10EDCEA2A889A6F00E073D0 /* ViewModelFactory.swift */; };
		F10EDCED2A8975B000E073D0 /* Comment.swift in Sources */ = {isa = PBXBuildFile; fileRef = F10EDCEC2A8975B000E073D0 /* Comment.swift */; };
		F10EDCEF2A8976D200E073D0 /* CommentsRepository.swift in Sources */ = {isa = PBXBuildFile; fileRef = F10EDCEE2A8976D200E073D0 /* CommentsRepository.swift */; };
		F10EDCF12A897A6100E073D0 /* Firestore+Extensions.swift in Sources */ = {isa = PBXBuildFile; fileRef = F10EDCF02A897A6100E073D0 /* Firestore+Extensions.swift */; };
		F10EDCF32A89BCA400E073D0 /* CommentsViewModel.swift in Sources */ = {isa = PBXBuildFile; fileRef = F10EDCF22A89BCA400E073D0 /* CommentsViewModel.swift */; };
		F10EDCF52A89BFA700E073D0 /* CommentsList.swift in Sources */ = {isa = PBXBuildFile; fileRef = F10EDCF42A89BFA700E073D0 /* CommentsList.swift */; };
		F10EDCF72A89C22600E073D0 /* CommentRow.swift in Sources */ = {isa = PBXBuildFile; fileRef = F10EDCF62A89C22600E073D0 /* CommentRow.swift */; };
		F10EDCF92A8B18B900E073D0 /* CommentRowViewModel.swift in Sources */ = {isa = PBXBuildFile; fileRef = F10EDCF82A8B18B900E073D0 /* CommentRowViewModel.swift */; };
		F10EDCFB2A8B1B9800E073D0 /* StateManager.swift in Sources */ = {isa = PBXBuildFile; fileRef = F10EDCFA2A8B1B9800E073D0 /* StateManager.swift */; };
		F10EDD192A8EF77000E073D0 /* FirebaseStorage in Frameworks */ = {isa = PBXBuildFile; productRef = F10EDD182A8EF77000E073D0 /* FirebaseStorage */; };
		F10EDD1B2A8EF81700E073D0 /* StorageFile.swift in Sources */ = {isa = PBXBuildFile; fileRef = F10EDD1A2A8EF81700E073D0 /* StorageFile.swift */; };
		F10EDD1D2A8EF9CF00E073D0 /* ImagePickerButton.swift in Sources */ = {isa = PBXBuildFile; fileRef = F10EDD1C2A8EF9CF00E073D0 /* ImagePickerButton.swift */; };
		F1971E7E2A8FD311009CC2F5 /* ProfileViewModel.swift in Sources */ = {isa = PBXBuildFile; fileRef = F1971E7D2A8FD311009CC2F5 /* ProfileViewModel.swift */; };
		F1971E802A8FDAE0009CC2F5 /* ProfileImage.swift in Sources */ = {isa = PBXBuildFile; fileRef = F1971E7F2A8FDAE0009CC2F5 /* ProfileImage.swift */; };
		F1BF819A2A88544E0080A0A9 /* FirebaseAuth in Frameworks */ = {isa = PBXBuildFile; productRef = F1BF81992A88544E0080A0A9 /* FirebaseAuth */; };
		F1BF819D2A8854E90080A0A9 /* AuthService.swift in Sources */ = {isa = PBXBuildFile; fileRef = F1BF819C2A8854E90080A0A9 /* AuthService.swift */; };
		F1BF819F2A88579B0080A0A9 /* AuthViewModel.swift in Sources */ = {isa = PBXBuildFile; fileRef = F1BF819E2A88579B0080A0A9 /* AuthViewModel.swift */; };
		F1BF81A12A8858D10080A0A9 /* AuthView.swift in Sources */ = {isa = PBXBuildFile; fileRef = F1BF81A02A8858D10080A0A9 /* AuthView.swift */; };
		F1BF81A32A8859AB0080A0A9 /* ProfileView.swift in Sources */ = {isa = PBXBuildFile; fileRef = F1BF81A22A8859AB0080A0A9 /* ProfileView.swift */; };
		F1BF81A52A885B270080A0A9 /* FormViewModel.swift in Sources */ = {isa = PBXBuildFile; fileRef = F1BF81A42A885B270080A0A9 /* FormViewModel.swift */; };
		F1BF81A72A88672C0080A0A9 /* PrimaryButtonStyle.swift in Sources */ = {isa = PBXBuildFile; fileRef = F1BF81A62A88672C0080A0A9 /* PrimaryButtonStyle.swift */; };
		F1CF088F2A87F27000AD82BC /* PostsRepository.swift in Sources */ = {isa = PBXBuildFile; fileRef = F1CF088E2A87F27000AD82BC /* PostsRepository.swift */; };
		F1CF08922A87FD6400AD82BC /* Loadable.swift in Sources */ = {isa = PBXBuildFile; fileRef = F1CF08912A87FD6400AD82BC /* Loadable.swift */; };
		F1CF08952A8803CE00AD82BC /* EmptyListView.swift in Sources */ = {isa = PBXBuildFile; fileRef = F1CF08942A8803CE00AD82BC /* EmptyListView.swift */; };
		F1CF08BD2A882BA200AD82BC /* Alert+Error.swift in Sources */ = {isa = PBXBuildFile; fileRef = F1CF08BC2A882BA200AD82BC /* Alert+Error.swift */; };
		F1CF08BF2A883D1300AD82BC /* PostRowViewModel.swift in Sources */ = {isa = PBXBuildFile; fileRef = F1CF08BE2A883D1300AD82BC /* PostRowViewModel.swift */; };
		F1CF08C12A8848D200AD82BC /* MainTabView.swift in Sources */ = {isa = PBXBuildFile; fileRef = F1CF08C02A8848D200AD82BC /* MainTabView.swift */; };
/* End PBXBuildFile section */

/* Begin PBXFileReference section */
		F105C8332A85C03300C9DB47 /* Socialcademy.app */ = {isa = PBXFileReference; explicitFileType = wrapper.application; includeInIndex = 0; path = Socialcademy.app; sourceTree = BUILT_PRODUCTS_DIR; };
		F105C8362A85C03300C9DB47 /* SocialcademyApp.swift */ = {isa = PBXFileReference; lastKnownFileType = sourcecode.swift; path = SocialcademyApp.swift; sourceTree = "<group>"; };
		F105C83A2A85C03500C9DB47 /* Assets.xcassets */ = {isa = PBXFileReference; lastKnownFileType = folder.assetcatalog; path = Assets.xcassets; sourceTree = "<group>"; };
		F105C83D2A85C03500C9DB47 /* Preview Assets.xcassets */ = {isa = PBXFileReference; lastKnownFileType = folder.assetcatalog; path = "Preview Assets.xcassets"; sourceTree = "<group>"; };
		F105C84B2A85C39D00C9DB47 /* GoogleService-Info.plist */ = {isa = PBXFileReference; fileEncoding = 4; lastKnownFileType = text.plist.xml; path = "GoogleService-Info.plist"; sourceTree = "<group>"; };
		F105C8512A85C5AE00C9DB47 /* Post.swift */ = {isa = PBXFileReference; lastKnownFileType = sourcecode.swift; name = Post.swift; path = Socialcademy/Models/Post.swift; sourceTree = SOURCE_ROOT; };
		F105C8532A85C9F700C9DB47 /* PostsList.swift */ = {isa = PBXFileReference; lastKnownFileType = sourcecode.swift; name = PostsList.swift; path = Socialcademy/Views/PostsList.swift; sourceTree = SOURCE_ROOT; };
		F107B8512A85CFC40082631E /* PostRow.swift */ = {isa = PBXFileReference; lastKnownFileType = sourcecode.swift; path = PostRow.swift; sourceTree = "<group>"; };
		F107B8532A87202B0082631E /* NewPostForm.swift */ = {isa = PBXFileReference; lastKnownFileType = sourcecode.swift; path = NewPostForm.swift; sourceTree = "<group>"; };
		F107B8562A8724070082631E /* PostsViewModel.swift */ = {isa = PBXFileReference; lastKnownFileType = sourcecode.swift; path = PostsViewModel.swift; sourceTree = "<group>"; };
		F10EDCE82A88961000E073D0 /* User.swift */ = {isa = PBXFileReference; lastKnownFileType = sourcecode.swift; path = User.swift; sourceTree = "<group>"; };
		F10EDCEA2A889A6F00E073D0 /* ViewModelFactory.swift */ = {isa = PBXFileReference; lastKnownFileType = sourcecode.swift; path = ViewModelFactory.swift; sourceTree = "<group>"; };
		F10EDCEC2A8975B000E073D0 /* Comment.swift */ = {isa = PBXFileReference; lastKnownFileType = sourcecode.swift; path = Comment.swift; sourceTree = "<group>"; };
		F10EDCEE2A8976D200E073D0 /* CommentsRepository.swift */ = {isa = PBXFileReference; lastKnownFileType = sourcecode.swift; path = CommentsRepository.swift; sourceTree = "<group>"; };
		F10EDCF02A897A6100E073D0 /* Firestore+Extensions.swift */ = {isa = PBXFileReference; lastKnownFileType = sourcecode.swift; path = "Firestore+Extensions.swift"; sourceTree = "<group>"; };
		F10EDCF22A89BCA400E073D0 /* CommentsViewModel.swift */ = {isa = PBXFileReference; lastKnownFileType = sourcecode.swift; path = CommentsViewModel.swift; sourceTree = "<group>"; };
		F10EDCF42A89BFA700E073D0 /* CommentsList.swift */ = {isa = PBXFileReference; lastKnownFileType = sourcecode.swift; path = CommentsList.swift; sourceTree = "<group>"; };
		F10EDCF62A89C22600E073D0 /* CommentRow.swift */ = {isa = PBXFileReference; lastKnownFileType = sourcecode.swift; path = CommentRow.swift; sourceTree = "<group>"; };
		F10EDCF82A8B18B900E073D0 /* CommentRowViewModel.swift */ = {isa = PBXFileReference; lastKnownFileType = sourcecode.swift; path = CommentRowViewModel.swift; sourceTree = "<group>"; };
		F10EDCFA2A8B1B9800E073D0 /* StateManager.swift */ = {isa = PBXFileReference; lastKnownFileType = sourcecode.swift; path = StateManager.swift; sourceTree = "<group>"; };
		F10EDD1A2A8EF81700E073D0 /* StorageFile.swift */ = {isa = PBXFileReference; lastKnownFileType = sourcecode.swift; path = StorageFile.swift; sourceTree = "<group>"; };
		F10EDD1C2A8EF9CF00E073D0 /* ImagePickerButton.swift */ = {isa = PBXFileReference; lastKnownFileType = sourcecode.swift; path = ImagePickerButton.swift; sourceTree = "<group>"; };
		F1971E7D2A8FD311009CC2F5 /* ProfileViewModel.swift */ = {isa = PBXFileReference; lastKnownFileType = sourcecode.swift; path = ProfileViewModel.swift; sourceTree = "<group>"; };
		F1971E7F2A8FDAE0009CC2F5 /* ProfileImage.swift */ = {isa = PBXFileReference; lastKnownFileType = sourcecode.swift; path = ProfileImage.swift; sourceTree = "<group>"; };
		F1BF819C2A8854E90080A0A9 /* AuthService.swift */ = {isa = PBXFileReference; lastKnownFileType = sourcecode.swift; path = AuthService.swift; sourceTree = "<group>"; };
		F1BF819E2A88579B0080A0A9 /* AuthViewModel.swift */ = {isa = PBXFileReference; lastKnownFileType = sourcecode.swift; path = AuthViewModel.swift; sourceTree = "<group>"; };
		F1BF81A02A8858D10080A0A9 /* AuthView.swift */ = {isa = PBXFileReference; lastKnownFileType = sourcecode.swift; path = AuthView.swift; sourceTree = "<group>"; };
		F1BF81A22A8859AB0080A0A9 /* ProfileView.swift */ = {isa = PBXFileReference; lastKnownFileType = sourcecode.swift; path = ProfileView.swift; sourceTree = "<group>"; };
		F1BF81A42A885B270080A0A9 /* FormViewModel.swift */ = {isa = PBXFileReference; lastKnownFileType = sourcecode.swift; path = FormViewModel.swift; sourceTree = "<group>"; };
		F1BF81A62A88672C0080A0A9 /* PrimaryButtonStyle.swift */ = {isa = PBXFileReference; lastKnownFileType = sourcecode.swift; path = PrimaryButtonStyle.swift; sourceTree = "<group>"; };
		F1CF088E2A87F27000AD82BC /* PostsRepository.swift */ = {isa = PBXFileReference; lastKnownFileType = sourcecode.swift; path = PostsRepository.swift; sourceTree = "<group>"; };
		F1CF08912A87FD6400AD82BC /* Loadable.swift */ = {isa = PBXFileReference; lastKnownFileType = sourcecode.swift; path = Loadable.swift; sourceTree = "<group>"; };
		F1CF08942A8803CE00AD82BC /* EmptyListView.swift */ = {isa = PBXFileReference; lastKnownFileType = sourcecode.swift; path = EmptyListView.swift; sourceTree = "<group>"; };
		F1CF08BC2A882BA200AD82BC /* Alert+Error.swift */ = {isa = PBXFileReference; lastKnownFileType = sourcecode.swift; path = "Alert+Error.swift"; sourceTree = "<group>"; };
		F1CF08BE2A883D1300AD82BC /* PostRowViewModel.swift */ = {isa = PBXFileReference; lastKnownFileType = sourcecode.swift; path = PostRowViewModel.swift; sourceTree = "<group>"; };
		F1CF08C02A8848D200AD82BC /* MainTabView.swift */ = {isa = PBXFileReference; lastKnownFileType = sourcecode.swift; path = MainTabView.swift; sourceTree = "<group>"; };
/* End PBXFileReference section */

/* Begin PBXFrameworksBuildPhase section */
		F105C8302A85C03300C9DB47 /* Frameworks */ = {
			isa = PBXFrameworksBuildPhase;
			buildActionMask = 2147483647;
			files = (
				F105C8462A85C1E100C9DB47 /* FirebaseAnalytics in Frameworks */,
				F105C8482A85C1E100C9DB47 /* FirebaseFirestore in Frameworks */,
				F105C84A2A85C1E100C9DB47 /* FirebaseFirestoreSwift in Frameworks */,
				F10EDD192A8EF77000E073D0 /* FirebaseStorage in Frameworks */,
				F1BF819A2A88544E0080A0A9 /* FirebaseAuth in Frameworks */,
			);
			runOnlyForDeploymentPostprocessing = 0;
		};
/* End PBXFrameworksBuildPhase section */

/* Begin PBXGroup section */
		F105C82A2A85C03300C9DB47 = {
			isa = PBXGroup;
			children = (
				F105C8352A85C03300C9DB47 /* Socialcademy */,
				F105C8342A85C03300C9DB47 /* Products */,
				F1BF81982A88544E0080A0A9 /* Frameworks */,
			);
			sourceTree = "<group>";
		};
		F105C8342A85C03300C9DB47 /* Products */ = {
			isa = PBXGroup;
			children = (
				F105C8332A85C03300C9DB47 /* Socialcademy.app */,
			);
			name = Products;
			sourceTree = "<group>";
		};
		F105C8352A85C03300C9DB47 /* Socialcademy */ = {
			isa = PBXGroup;
			children = (
				F105C8362A85C03300C9DB47 /* SocialcademyApp.swift */,
				F105C84D2A85C49900C9DB47 /* Views */,
				F1CF08932A8803A600AD82BC /* Supporting Views */,
				F107B8552A8723EA0082631E /* View Models */,
				F1BF819B2A8854CE0080A0A9 /* Services */,
				F1CF088D2A87F24900AD82BC /* Repositories */,
				F105C8502A85C57F00C9DB47 /* Models */,
				F1CF08902A87FD4800AD82BC /* Utilities */,
				F105C84F2A85C4F200C9DB47 /* Resources */,
			);
			path = Socialcademy;
			sourceTree = "<group>";
		};
		F105C83C2A85C03500C9DB47 /* Preview Content */ = {
			isa = PBXGroup;
			children = (
				F105C83D2A85C03500C9DB47 /* Preview Assets.xcassets */,
			);
			path = "Preview Content";
			sourceTree = "<group>";
		};
		F105C84D2A85C49900C9DB47 /* Views */ = {
			isa = PBXGroup;
			children = (
				F105C8532A85C9F700C9DB47 /* PostsList.swift */,
				F107B8512A85CFC40082631E /* PostRow.swift */,
				F107B8532A87202B0082631E /* NewPostForm.swift */,
				F1CF08C02A8848D200AD82BC /* MainTabView.swift */,
				F1BF81A02A8858D10080A0A9 /* AuthView.swift */,
				F1BF81A22A8859AB0080A0A9 /* ProfileView.swift */,
				F10EDCF42A89BFA700E073D0 /* CommentsList.swift */,
				F10EDCF62A89C22600E073D0 /* CommentRow.swift */,
			);
			path = Views;
			sourceTree = "<group>";
		};
		F105C84F2A85C4F200C9DB47 /* Resources */ = {
			isa = PBXGroup;
			children = (
				F105C84B2A85C39D00C9DB47 /* GoogleService-Info.plist */,
				F105C83A2A85C03500C9DB47 /* Assets.xcassets */,
				F105C83C2A85C03500C9DB47 /* Preview Content */,
			);
			path = Resources;
			sourceTree = "<group>";
		};
		F105C8502A85C57F00C9DB47 /* Models */ = {
			isa = PBXGroup;
			children = (
				F105C8512A85C5AE00C9DB47 /* Post.swift */,
				F10EDCE82A88961000E073D0 /* User.swift */,
				F10EDCEC2A8975B000E073D0 /* Comment.swift */,
			);
			path = Models;
			sourceTree = "<group>";
		};
		F107B8552A8723EA0082631E /* View Models */ = {
			isa = PBXGroup;
			children = (
				F107B8562A8724070082631E /* PostsViewModel.swift */,
				F1CF08BE2A883D1300AD82BC /* PostRowViewModel.swift */,
				F1BF819E2A88579B0080A0A9 /* AuthViewModel.swift */,
				F1BF81A42A885B270080A0A9 /* FormViewModel.swift */,
				F10EDCEA2A889A6F00E073D0 /* ViewModelFactory.swift */,
				F10EDCF22A89BCA400E073D0 /* CommentsViewModel.swift */,
				F10EDCF82A8B18B900E073D0 /* CommentRowViewModel.swift */,
				F1971E7D2A8FD311009CC2F5 /* ProfileViewModel.swift */,
			);
			path = "View Models";
			sourceTree = "<group>";
		};
		F1BF81982A88544E0080A0A9 /* Frameworks */ = {
			isa = PBXGroup;
			children = (
			);
			name = Frameworks;
			sourceTree = "<group>";
		};
		F1BF819B2A8854CE0080A0A9 /* Services */ = {
			isa = PBXGroup;
			children = (
				F1BF819C2A8854E90080A0A9 /* AuthService.swift */,
			);
			path = Services;
			sourceTree = "<group>";
		};
		F1CF088D2A87F24900AD82BC /* Repositories */ = {
			isa = PBXGroup;
			children = (
				F1CF088E2A87F27000AD82BC /* PostsRepository.swift */,
				F10EDCEE2A8976D200E073D0 /* CommentsRepository.swift */,
			);
			path = Repositories;
			sourceTree = "<group>";
		};
		F1CF08902A87FD4800AD82BC /* Utilities */ = {
			isa = PBXGroup;
			children = (
				F1CF08912A87FD6400AD82BC /* Loadable.swift */,
				F10EDCF02A897A6100E073D0 /* Firestore+Extensions.swift */,
				F10EDCFA2A8B1B9800E073D0 /* StateManager.swift */,
				F10EDD1A2A8EF81700E073D0 /* StorageFile.swift */,
			);
			path = Utilities;
			sourceTree = "<group>";
		};
		F1CF08932A8803A600AD82BC /* Supporting Views */ = {
			isa = PBXGroup;
			children = (
				F1CF08942A8803CE00AD82BC /* EmptyListView.swift */,
				F1CF08BC2A882BA200AD82BC /* Alert+Error.swift */,
				F1BF81A62A88672C0080A0A9 /* PrimaryButtonStyle.swift */,
				F10EDD1C2A8EF9CF00E073D0 /* ImagePickerButton.swift */,
				F1971E7F2A8FDAE0009CC2F5 /* ProfileImage.swift */,
			);
			path = "Supporting Views";
			sourceTree = "<group>";
		};
/* End PBXGroup section */

/* Begin PBXNativeTarget section */
		F105C8322A85C03300C9DB47 /* Socialcademy */ = {
			isa = PBXNativeTarget;
			buildConfigurationList = F105C8412A85C03500C9DB47 /* Build configuration list for PBXNativeTarget "Socialcademy" */;
			buildPhases = (
				F105C82F2A85C03300C9DB47 /* Sources */,
				F105C8302A85C03300C9DB47 /* Frameworks */,
				F105C8312A85C03300C9DB47 /* Resources */,
			);
			buildRules = (
			);
			dependencies = (
			);
			name = Socialcademy;
			packageProductDependencies = (
				F105C8452A85C1E100C9DB47 /* FirebaseAnalytics */,
				F105C8472A85C1E100C9DB47 /* FirebaseFirestore */,
				F105C8492A85C1E100C9DB47 /* FirebaseFirestoreSwift */,
				F1BF81992A88544E0080A0A9 /* FirebaseAuth */,
				F10EDD182A8EF77000E073D0 /* FirebaseStorage */,
			);
			productName = Socialcademy;
			productReference = F105C8332A85C03300C9DB47 /* Socialcademy.app */;
			productType = "com.apple.product-type.application";
		};
/* End PBXNativeTarget section */

/* Begin PBXProject section */
		F105C82B2A85C03300C9DB47 /* Project object */ = {
			isa = PBXProject;
			attributes = {
				BuildIndependentTargetsInParallel = 1;
				LastSwiftUpdateCheck = 1500;
				LastUpgradeCheck = 1500;
				TargetAttributes = {
					F105C8322A85C03300C9DB47 = {
						CreatedOnToolsVersion = 15.0;
					};
				};
			};
			buildConfigurationList = F105C82E2A85C03300C9DB47 /* Build configuration list for PBXProject "Socialcademy" */;
			compatibilityVersion = "Xcode 14.0";
			developmentRegion = en;
			hasScannedForEncodings = 0;
			knownRegions = (
				en,
				Base,
			);
			mainGroup = F105C82A2A85C03300C9DB47;
			packageReferences = (
				F105C8442A85C1E100C9DB47 /* XCRemoteSwiftPackageReference "firebase-ios-sdk" */,
			);
			productRefGroup = F105C8342A85C03300C9DB47 /* Products */;
			projectDirPath = "";
			projectRoot = "";
			targets = (
				F105C8322A85C03300C9DB47 /* Socialcademy */,
			);
		};
/* End PBXProject section */

/* Begin PBXResourcesBuildPhase section */
		F105C8312A85C03300C9DB47 /* Resources */ = {
			isa = PBXResourcesBuildPhase;
			buildActionMask = 2147483647;
			files = (
				F105C83E2A85C03500C9DB47 /* Preview Assets.xcassets in Resources */,
				F105C83B2A85C03500C9DB47 /* Assets.xcassets in Resources */,
				F105C84C2A85C39D00C9DB47 /* GoogleService-Info.plist in Resources */,
			);
			runOnlyForDeploymentPostprocessing = 0;
		};
/* End PBXResourcesBuildPhase section */

/* Begin PBXSourcesBuildPhase section */
		F105C82F2A85C03300C9DB47 /* Sources */ = {
			isa = PBXSourcesBuildPhase;
			buildActionMask = 2147483647;
			files = (
				F1BF81A72A88672C0080A0A9 /* PrimaryButtonStyle.swift in Sources */,
				F1971E802A8FDAE0009CC2F5 /* ProfileImage.swift in Sources */,
				F10EDCFB2A8B1B9800E073D0 /* StateManager.swift in Sources */,
				F10EDCEF2A8976D200E073D0 /* CommentsRepository.swift in Sources */,
				F1CF08BF2A883D1300AD82BC /* PostRowViewModel.swift in Sources */,
				F107B8572A8724070082631E /* PostsViewModel.swift in Sources */,
				F10EDCF92A8B18B900E073D0 /* CommentRowViewModel.swift in Sources */,
				F10EDCF72A89C22600E073D0 /* CommentRow.swift in Sources */,
				F105C8552A85CC0600C9DB47 /* Post.swift in Sources */,
				F1CF088F2A87F27000AD82BC /* PostsRepository.swift in Sources */,
				F105C8372A85C03300C9DB47 /* SocialcademyApp.swift in Sources */,
				F107B8522A85CFC40082631E /* PostRow.swift in Sources */,
				F10EDD1D2A8EF9CF00E073D0 /* ImagePickerButton.swift in Sources */,
				F1971E7E2A8FD311009CC2F5 /* ProfileViewModel.swift in Sources */,
				F1BF819D2A8854E90080A0A9 /* AuthService.swift in Sources */,
				F10EDCF52A89BFA700E073D0 /* CommentsList.swift in Sources */,
				F1CF08922A87FD6400AD82BC /* Loadable.swift in Sources */,
				F10EDD1B2A8EF81700E073D0 /* StorageFile.swift in Sources */,
				F1BF81A32A8859AB0080A0A9 /* ProfileView.swift in Sources */,
				F10EDCED2A8975B000E073D0 /* Comment.swift in Sources */,
				F10EDCF32A89BCA400E073D0 /* CommentsViewModel.swift in Sources */,
				F105C8542A85C9F700C9DB47 /* PostsList.swift in Sources */,
				F1CF08BD2A882BA200AD82BC /* Alert+Error.swift in Sources */,
				F1BF819F2A88579B0080A0A9 /* AuthViewModel.swift in Sources */,
				F10EDCEB2A889A6F00E073D0 /* ViewModelFactory.swift in Sources */,
				F1BF81A12A8858D10080A0A9 /* AuthView.swift in Sources */,
				F10EDCF12A897A6100E073D0 /* Firestore+Extensions.swift in Sources */,
				F107B8542A87202B0082631E /* NewPostForm.swift in Sources */,
				F1BF81A52A885B270080A0A9 /* FormViewModel.swift in Sources */,
				F1CF08952A8803CE00AD82BC /* EmptyListView.swift in Sources */,
				F1CF08C12A8848D200AD82BC /* MainTabView.swift in Sources */,
				F10EDCE92A88961000E073D0 /* User.swift in Sources */,
			);
			runOnlyForDeploymentPostprocessing = 0;
		};
/* End PBXSourcesBuildPhase section */

/* Begin XCBuildConfiguration section */
		F105C83F2A85C03500C9DB47 /* Debug */ = {
			isa = XCBuildConfiguration;
			buildSettings = {
				ALWAYS_SEARCH_USER_PATHS = NO;
				ASSETCATALOG_COMPILER_GENERATE_SWIFT_ASSET_SYMBOL_EXTENSIONS = YES;
				CLANG_ANALYZER_NONNULL = YES;
				CLANG_ANALYZER_NUMBER_OBJECT_CONVERSION = YES_AGGRESSIVE;
				CLANG_CXX_LANGUAGE_STANDARD = "gnu++20";
				CLANG_ENABLE_MODULES = YES;
				CLANG_ENABLE_OBJC_ARC = YES;
				CLANG_ENABLE_OBJC_WEAK = YES;
				CLANG_WARN_BLOCK_CAPTURE_AUTORELEASING = YES;
				CLANG_WARN_BOOL_CONVERSION = YES;
				CLANG_WARN_COMMA = YES;
				CLANG_WARN_CONSTANT_CONVERSION = YES;
				CLANG_WARN_DEPRECATED_OBJC_IMPLEMENTATIONS = YES;
				CLANG_WARN_DIRECT_OBJC_ISA_USAGE = YES_ERROR;
				CLANG_WARN_DOCUMENTATION_COMMENTS = YES;
				CLANG_WARN_EMPTY_BODY = YES;
				CLANG_WARN_ENUM_CONVERSION = YES;
				CLANG_WARN_INFINITE_RECURSION = YES;
				CLANG_WARN_INT_CONVERSION = YES;
				CLANG_WARN_NON_LITERAL_NULL_CONVERSION = YES;
				CLANG_WARN_OBJC_IMPLICIT_RETAIN_SELF = YES;
				CLANG_WARN_OBJC_LITERAL_CONVERSION = YES;
				CLANG_WARN_OBJC_ROOT_CLASS = YES_ERROR;
				CLANG_WARN_QUOTED_INCLUDE_IN_FRAMEWORK_HEADER = YES;
				CLANG_WARN_RANGE_LOOP_ANALYSIS = YES;
				CLANG_WARN_STRICT_PROTOTYPES = YES;
				CLANG_WARN_SUSPICIOUS_MOVE = YES;
				CLANG_WARN_UNGUARDED_AVAILABILITY = YES_AGGRESSIVE;
				CLANG_WARN_UNREACHABLE_CODE = YES;
				CLANG_WARN__DUPLICATE_METHOD_MATCH = YES;
				COPY_PHASE_STRIP = NO;
				DEBUG_INFORMATION_FORMAT = dwarf;
				ENABLE_STRICT_OBJC_MSGSEND = YES;
				ENABLE_TESTABILITY = YES;
				ENABLE_USER_SCRIPT_SANDBOXING = YES;
				GCC_C_LANGUAGE_STANDARD = gnu17;
				GCC_DYNAMIC_NO_PIC = NO;
				GCC_NO_COMMON_BLOCKS = YES;
				GCC_OPTIMIZATION_LEVEL = 0;
				GCC_PREPROCESSOR_DEFINITIONS = (
					"DEBUG=1",
					"$(inherited)",
				);
				GCC_WARN_64_TO_32_BIT_CONVERSION = YES;
				GCC_WARN_ABOUT_RETURN_TYPE = YES_ERROR;
				GCC_WARN_UNDECLARED_SELECTOR = YES;
				GCC_WARN_UNINITIALIZED_AUTOS = YES_AGGRESSIVE;
				GCC_WARN_UNUSED_FUNCTION = YES;
				GCC_WARN_UNUSED_VARIABLE = YES;
				IPHONEOS_DEPLOYMENT_TARGET = 17.0;
				LOCALIZATION_PREFERS_STRING_CATALOGS = YES;
				MTL_ENABLE_DEBUG_INFO = INCLUDE_SOURCE;
				MTL_FAST_MATH = YES;
				ONLY_ACTIVE_ARCH = YES;
				SDKROOT = iphoneos;
				SWIFT_ACTIVE_COMPILATION_CONDITIONS = "DEBUG $(inherited)";
				SWIFT_OPTIMIZATION_LEVEL = "-Onone";
			};
			name = Debug;
		};
		F105C8402A85C03500C9DB47 /* Release */ = {
			isa = XCBuildConfiguration;
			buildSettings = {
				ALWAYS_SEARCH_USER_PATHS = NO;
				ASSETCATALOG_COMPILER_GENERATE_SWIFT_ASSET_SYMBOL_EXTENSIONS = YES;
				CLANG_ANALYZER_NONNULL = YES;
				CLANG_ANALYZER_NUMBER_OBJECT_CONVERSION = YES_AGGRESSIVE;
				CLANG_CXX_LANGUAGE_STANDARD = "gnu++20";
				CLANG_ENABLE_MODULES = YES;
				CLANG_ENABLE_OBJC_ARC = YES;
				CLANG_ENABLE_OBJC_WEAK = YES;
				CLANG_WARN_BLOCK_CAPTURE_AUTORELEASING = YES;
				CLANG_WARN_BOOL_CONVERSION = YES;
				CLANG_WARN_COMMA = YES;
				CLANG_WARN_CONSTANT_CONVERSION = YES;
				CLANG_WARN_DEPRECATED_OBJC_IMPLEMENTATIONS = YES;
				CLANG_WARN_DIRECT_OBJC_ISA_USAGE = YES_ERROR;
				CLANG_WARN_DOCUMENTATION_COMMENTS = YES;
				CLANG_WARN_EMPTY_BODY = YES;
				CLANG_WARN_ENUM_CONVERSION = YES;
				CLANG_WARN_INFINITE_RECURSION = YES;
				CLANG_WARN_INT_CONVERSION = YES;
				CLANG_WARN_NON_LITERAL_NULL_CONVERSION = YES;
				CLANG_WARN_OBJC_IMPLICIT_RETAIN_SELF = YES;
				CLANG_WARN_OBJC_LITERAL_CONVERSION = YES;
				CLANG_WARN_OBJC_ROOT_CLASS = YES_ERROR;
				CLANG_WARN_QUOTED_INCLUDE_IN_FRAMEWORK_HEADER = YES;
				CLANG_WARN_RANGE_LOOP_ANALYSIS = YES;
				CLANG_WARN_STRICT_PROTOTYPES = YES;
				CLANG_WARN_SUSPICIOUS_MOVE = YES;
				CLANG_WARN_UNGUARDED_AVAILABILITY = YES_AGGRESSIVE;
				CLANG_WARN_UNREACHABLE_CODE = YES;
				CLANG_WARN__DUPLICATE_METHOD_MATCH = YES;
				COPY_PHASE_STRIP = NO;
				DEBUG_INFORMATION_FORMAT = "dwarf-with-dsym";
				ENABLE_NS_ASSERTIONS = NO;
				ENABLE_STRICT_OBJC_MSGSEND = YES;
				ENABLE_USER_SCRIPT_SANDBOXING = YES;
				GCC_C_LANGUAGE_STANDARD = gnu17;
				GCC_NO_COMMON_BLOCKS = YES;
				GCC_WARN_64_TO_32_BIT_CONVERSION = YES;
				GCC_WARN_ABOUT_RETURN_TYPE = YES_ERROR;
				GCC_WARN_UNDECLARED_SELECTOR = YES;
				GCC_WARN_UNINITIALIZED_AUTOS = YES_AGGRESSIVE;
				GCC_WARN_UNUSED_FUNCTION = YES;
				GCC_WARN_UNUSED_VARIABLE = YES;
				IPHONEOS_DEPLOYMENT_TARGET = 17.0;
				LOCALIZATION_PREFERS_STRING_CATALOGS = YES;
				MTL_ENABLE_DEBUG_INFO = NO;
				MTL_FAST_MATH = YES;
				SDKROOT = iphoneos;
				SWIFT_COMPILATION_MODE = wholemodule;
				VALIDATE_PRODUCT = YES;
			};
			name = Release;
		};
		F105C8422A85C03500C9DB47 /* Debug */ = {
			isa = XCBuildConfiguration;
			buildSettings = {
				ASSETCATALOG_COMPILER_APPICON_NAME = AppIcon;
				ASSETCATALOG_COMPILER_GLOBAL_ACCENT_COLOR_NAME = AccentColor;
				CODE_SIGN_STYLE = Automatic;
				CURRENT_PROJECT_VERSION = 1;
				DEVELOPMENT_ASSET_PATHS = "Socialcademy/Resources/Preview\\ Content";
				DEVELOPMENT_TEAM = 7829FZ7A7M;
				ENABLE_PREVIEWS = YES;
				GENERATE_INFOPLIST_FILE = YES;
				INFOPLIST_KEY_NSCameraUsageDescription = "This lets you add photos to your profile and posts.";
				INFOPLIST_KEY_UIApplicationSceneManifest_Generation = YES;
				INFOPLIST_KEY_UIApplicationSupportsIndirectInputEvents = YES;
				INFOPLIST_KEY_UILaunchScreen_Generation = YES;
				INFOPLIST_KEY_UISupportedInterfaceOrientations_iPad = "UIInterfaceOrientationPortrait UIInterfaceOrientationPortraitUpsideDown UIInterfaceOrientationLandscapeLeft UIInterfaceOrientationLandscapeRight";
				INFOPLIST_KEY_UISupportedInterfaceOrientations_iPhone = "UIInterfaceOrientationPortrait UIInterfaceOrientationLandscapeLeft UIInterfaceOrientationLandscapeRight";
				IPHONEOS_DEPLOYMENT_TARGET = 17.0;
				LD_RUNPATH_SEARCH_PATHS = (
					"$(inherited)",
					"@executable_path/Frameworks",
				);
				MARKETING_VERSION = 1.0;
				PRODUCT_BUNDLE_IDENTIFIER = brandonkamplain.Socialcademy;
				PRODUCT_NAME = "$(TARGET_NAME)";
				SWIFT_EMIT_LOC_STRINGS = YES;
				SWIFT_VERSION = 5.0;
				TARGETED_DEVICE_FAMILY = "1,2";
			};
			name = Debug;
		};
		F105C8432A85C03500C9DB47 /* Release */ = {
			isa = XCBuildConfiguration;
			buildSettings = {
				ASSETCATALOG_COMPILER_APPICON_NAME = AppIcon;
				ASSETCATALOG_COMPILER_GLOBAL_ACCENT_COLOR_NAME = AccentColor;
				CODE_SIGN_STYLE = Automatic;
				CURRENT_PROJECT_VERSION = 1;
				DEVELOPMENT_ASSET_PATHS = "Socialcademy/Resources/Preview\\ Content";
				DEVELOPMENT_TEAM = 7829FZ7A7M;
				ENABLE_PREVIEWS = YES;
				GENERATE_INFOPLIST_FILE = YES;
				INFOPLIST_KEY_NSCameraUsageDescription = "This lets you add photos to your profile and posts.";
				INFOPLIST_KEY_UIApplicationSceneManifest_Generation = YES;
				INFOPLIST_KEY_UIApplicationSupportsIndirectInputEvents = YES;
				INFOPLIST_KEY_UILaunchScreen_Generation = YES;
				INFOPLIST_KEY_UISupportedInterfaceOrientations_iPad = "UIInterfaceOrientationPortrait UIInterfaceOrientationPortraitUpsideDown UIInterfaceOrientationLandscapeLeft UIInterfaceOrientationLandscapeRight";
				INFOPLIST_KEY_UISupportedInterfaceOrientations_iPhone = "UIInterfaceOrientationPortrait UIInterfaceOrientationLandscapeLeft UIInterfaceOrientationLandscapeRight";
				IPHONEOS_DEPLOYMENT_TARGET = 17.0;
				LD_RUNPATH_SEARCH_PATHS = (
					"$(inherited)",
					"@executable_path/Frameworks",
				);
				MARKETING_VERSION = 1.0;
				PRODUCT_BUNDLE_IDENTIFIER = brandonkamplain.Socialcademy;
				PRODUCT_NAME = "$(TARGET_NAME)";
				SWIFT_EMIT_LOC_STRINGS = YES;
				SWIFT_VERSION = 5.0;
				TARGETED_DEVICE_FAMILY = "1,2";
			};
			name = Release;
		};
/* End XCBuildConfiguration section */

/* Begin XCConfigurationList section */
		F105C82E2A85C03300C9DB47 /* Build configuration list for PBXProject "Socialcademy" */ = {
			isa = XCConfigurationList;
			buildConfigurations = (
				F105C83F2A85C03500C9DB47 /* Debug */,
				F105C8402A85C03500C9DB47 /* Release */,
			);
			defaultConfigurationIsVisible = 0;
			defaultConfigurationName = Release;
		};
		F105C8412A85C03500C9DB47 /* Build configuration list for PBXNativeTarget "Socialcademy" */ = {
			isa = XCConfigurationList;
			buildConfigurations = (
				F105C8422A85C03500C9DB47 /* Debug */,
				F105C8432A85C03500C9DB47 /* Release */,
			);
			defaultConfigurationIsVisible = 0;
			defaultConfigurationName = Release;
		};
/* End XCConfigurationList section */

/* Begin XCRemoteSwiftPackageReference section */
		F105C8442A85C1E100C9DB47 /* XCRemoteSwiftPackageReference "firebase-ios-sdk" */ = {
			isa = XCRemoteSwiftPackageReference;
			repositoryURL = "https://github.com/firebase/firebase-ios-sdk.git";
			requirement = {
				kind = upToNextMajorVersion;
				minimumVersion = 10.13.0;
			};
		};
/* End XCRemoteSwiftPackageReference section */

/* Begin XCSwiftPackageProductDependency section */
		F105C8452A85C1E100C9DB47 /* FirebaseAnalytics */ = {
			isa = XCSwiftPackageProductDependency;
			package = F105C8442A85C1E100C9DB47 /* XCRemoteSwiftPackageReference "firebase-ios-sdk" */;
			productName = FirebaseAnalytics;
		};
		F105C8472A85C1E100C9DB47 /* FirebaseFirestore */ = {
			isa = XCSwiftPackageProductDependency;
			package = F105C8442A85C1E100C9DB47 /* XCRemoteSwiftPackageReference "firebase-ios-sdk" */;
			productName = FirebaseFirestore;
		};
		F105C8492A85C1E100C9DB47 /* FirebaseFirestoreSwift */ = {
			isa = XCSwiftPackageProductDependency;
			package = F105C8442A85C1E100C9DB47 /* XCRemoteSwiftPackageReference "firebase-ios-sdk" */;
			productName = FirebaseFirestoreSwift;
		};
		F10EDD182A8EF77000E073D0 /* FirebaseStorage */ = {
			isa = XCSwiftPackageProductDependency;
			package = F105C8442A85C1E100C9DB47 /* XCRemoteSwiftPackageReference "firebase-ios-sdk" */;
			productName = FirebaseStorage;
		};
		F1BF81992A88544E0080A0A9 /* FirebaseAuth */ = {
			isa = XCSwiftPackageProductDependency;
			package = F105C8442A85C1E100C9DB47 /* XCRemoteSwiftPackageReference "firebase-ios-sdk" */;
			productName = FirebaseAuth;
		};
/* End XCSwiftPackageProductDependency section */
	};
	rootObject = F105C82B2A85C03300C9DB47 /* Project object */;
}
