// !$*UTF8*$!
{
	archiveVersion = 1;
	classes = {
	};
	objectVersion = 56;
	objects = {

/* Begin PBXBuildFile section */
		F105C8372A85C03300C9DB47 /* SocialcademyApp.swift in Sources */ = {isa = PBXBuildFile; fileRef = F105C8362A85C03300C9DB47 /* SocialcademyApp.swift */; };
		F105C83B2A85C03500C9DB47 /* Assets.xcassets in Resources */ = {isa = PBXBuildFile; fileRef = F105C83A2A85C03500C9DB47 /* Assets.xcassets */; };
		F105C83E2A85C03500C9DB47 /* Preview Assets.xcassets in Resources */ = {isa = PBXBuildFile; fileRef = F105C83D2A85C03500C9DB47 /* Preview Assets.xcassets */; };
		F105C8462A85C1E100C9DB47 /* FirebaseAnalytics in Frameworks */ = {isa = PBXBuildFile; productRef = F105C8452A85C1E100C9DB47 /* FirebaseAnalytics */; };
		F105C8482A85C1E100C9DB47 /* FirebaseFirestore in Frameworks */ = {isa = PBXBuildFile; productRef = F105C8472A85C1E100C9DB47 /* FirebaseFirestore */; };
		F105C84A2A85C1E100C9DB47 /* FirebaseFirestoreSwift in Frameworks */ = {isa = PBXBuildFile; productRef = F105C8492A85C1E100C9DB47 /* FirebaseFirestoreSwift */; };
		F105C84C2A85C39D00C9DB47 /* GoogleService-Info.plist in Resources */ = {isa = PBXBuildFile; fileRef = F105C84B2A85C39D00C9DB47 /* GoogleService-Info.plist */; };
		F105C8542A85C9F700C9DB47 /* PostsList.swift in Sources */ = {isa = PBXBuildFile; fileRef = F105C8532A85C9F700C9DB47 /* PostsList.swift */; };
		F105C8552A85CC0600C9DB47 /* Post.swift in Sources */ = {isa = PBXBuildFile; fileRef = F105C8512A85C5AE00C9DB47 /* Post.swift */; };
		F107B8522A85CFC40082631E /* PostRow.swift in Sources */ = {isa = PBXBuildFile; fileRef = F107B8512A85CFC40082631E /* PostRow.swift */; };
		F107B8542A87202B0082631E /* NewPostForm.swift in Sources */ = {isa = PBXBuildFile; fileRef = F107B8532A87202B0082631E /* NewPostForm.swift */; };
		F107B8572A8724070082631E /* PostViewModel.swift in Sources */ = {isa = PBXBuildFile; fileRef = F107B8562A8724070082631E /* PostViewModel.swift */; };
		F1CF088F2A87F27000AD82BC /* PostsRepository.swift in Sources */ = {isa = PBXBuildFile; fileRef = F1CF088E2A87F27000AD82BC /* PostsRepository.swift */; };
/* End PBXBuildFile section */

/* Begin PBXFileReference section */
		F105C8332A85C03300C9DB47 /* Socialcademy.app */ = {isa = PBXFileReference; explicitFileType = wrapper.application; includeInIndex = 0; path = Socialcademy.app; sourceTree = BUILT_PRODUCTS_DIR; };
		F105C8362A85C03300C9DB47 /* SocialcademyApp.swift */ = {isa = PBXFileReference; lastKnownFileType = sourcecode.swift; path = SocialcademyApp.swift; sourceTree = "<group>"; };
		F105C83A2A85C03500C9DB47 /* Assets.xcassets */ = {isa = PBXFileReference; lastKnownFileType = folder.assetcatalog; path = Assets.xcassets; sourceTree = "<group>"; };
		F105C83D2A85C03500C9DB47 /* Preview Assets.xcassets */ = {isa = PBXFileReference; lastKnownFileType = folder.assetcatalog; path = "Preview Assets.xcassets"; sourceTree = "<group>"; };
		F105C84B2A85C39D00C9DB47 /* GoogleService-Info.plist */ = {isa = PBXFileReference; fileEncoding = 4; lastKnownFileType = text.plist.xml; path = "GoogleService-Info.plist"; sourceTree = "<group>"; };
		F105C8512A85C5AE00C9DB47 /* Post.swift */ = {isa = PBXFileReference; lastKnownFileType = sourcecode.swift; name = Post.swift; path = Socialcademy/Models/Post.swift; sourceTree = SOURCE_ROOT; };
		F105C8532A85C9F700C9DB47 /* PostsList.swift */ = {isa = PBXFileReference; lastKnownFileType = sourcecode.swift; name = PostsList.swift; path = Socialcademy/Views/PostsList.swift; sourceTree = SOURCE_ROOT; };
		F107B8512A85CFC40082631E /* PostRow.swift */ = {isa = PBXFileReference; lastKnownFileType = sourcecode.swift; path = PostRow.swift; sourceTree = "<group>"; };
		F107B8532A87202B0082631E /* NewPostForm.swift */ = {isa = PBXFileReference; lastKnownFileType = sourcecode.swift; path = NewPostForm.swift; sourceTree = "<group>"; };
		F107B8562A8724070082631E /* PostViewModel.swift */ = {isa = PBXFileReference; lastKnownFileType = sourcecode.swift; path = PostViewModel.swift; sourceTree = "<group>"; };
		F1CF088E2A87F27000AD82BC /* PostsRepository.swift */ = {isa = PBXFileReference; lastKnownFileType = sourcecode.swift; path = PostsRepository.swift; sourceTree = "<group>"; };
/* End PBXFileReference section */

/* Begin PBXFrameworksBuildPhase section */
		F105C8302A85C03300C9DB47 /* Frameworks */ = {
			isa = PBXFrameworksBuildPhase;
			buildActionMask = 2147483647;
			files = (
				F105C8462A85C1E100C9DB47 /* FirebaseAnalytics in Frameworks */,
				F105C8482A85C1E100C9DB47 /* FirebaseFirestore in Frameworks */,
				F105C84A2A85C1E100C9DB47 /* FirebaseFirestoreSwift in Frameworks */,
			);
			runOnlyForDeploymentPostprocessing = 0;
		};
/* End PBXFrameworksBuildPhase section */

/* Begin PBXGroup section */
		F105C82A2A85C03300C9DB47 = {
			isa = PBXGroup;
			children = (
				F105C8352A85C03300C9DB47 /* Socialcademy */,
				F105C8342A85C03300C9DB47 /* Products */,
			);
			sourceTree = "<group>";
		};
		F105C8342A85C03300C9DB47 /* Products */ = {
			isa = PBXGroup;
			children = (
				F105C8332A85C03300C9DB47 /* Socialcademy.app */,
			);
			name = Products;
			sourceTree = "<group>";
		};
		F105C8352A85C03300C9DB47 /* Socialcademy */ = {
			isa = PBXGroup;
			children = (
				F1CF088D2A87F24900AD82BC /* Repositories */,
				F107B8552A8723EA0082631E /* View Models */,
				F105C8362A85C03300C9DB47 /* SocialcademyApp.swift */,
				F105C8502A85C57F00C9DB47 /* Models */,
				F105C84D2A85C49900C9DB47 /* Views */,
				F105C84F2A85C4F200C9DB47 /* Resources */,
			);
			path = Socialcademy;
			sourceTree = "<group>";
		};
		F105C83C2A85C03500C9DB47 /* Preview Content */ = {
			isa = PBXGroup;
			children = (
				F105C83D2A85C03500C9DB47 /* Preview Assets.xcassets */,
			);
			path = "Preview Content";
			sourceTree = "<group>";
		};
		F105C84D2A85C49900C9DB47 /* Views */ = {
			isa = PBXGroup;
			children = (
				F105C8532A85C9F700C9DB47 /* PostsList.swift */,
				F107B8512A85CFC40082631E /* PostRow.swift */,
				F107B8532A87202B0082631E /* NewPostForm.swift */,
			);
			path = Views;
			sourceTree = "<group>";
		};
		F105C84F2A85C4F200C9DB47 /* Resources */ = {
			isa = PBXGroup;
			children = (
				F105C84B2A85C39D00C9DB47 /* GoogleService-Info.plist */,
				F105C83A2A85C03500C9DB47 /* Assets.xcassets */,
				F105C83C2A85C03500C9DB47 /* Preview Content */,
			);
			path = Resources;
			sourceTree = "<group>";
		};
		F105C8502A85C57F00C9DB47 /* Models */ = {
			isa = PBXGroup;
			children = (
				F105C8512A85C5AE00C9DB47 /* Post.swift */,
			);
			path = Models;
			sourceTree = "<group>";
		};
		F107B8552A8723EA0082631E /* View Models */ = {
			isa = PBXGroup;
			children = (
				F107B8562A8724070082631E /* PostViewModel.swift */,
			);
			path = "View Models";
			sourceTree = "<group>";
		};
		F1CF088D2A87F24900AD82BC /* Repositories */ = {
			isa = PBXGroup;
			children = (
				F1CF088E2A87F27000AD82BC /* PostsRepository.swift */,
			);
			path = Repositories;
			sourceTree = "<group>";
		};
/* End PBXGroup section */

/* Begin PBXNativeTarget section */
		F105C8322A85C03300C9DB47 /* Socialcademy */ = {
			isa = PBXNativeTarget;
			buildConfigurationList = F105C8412A85C03500C9DB47 /* Build configuration list for PBXNativeTarget "Socialcademy" */;
			buildPhases = (
				F105C82F2A85C03300C9DB47 /* Sources */,
				F105C8302A85C03300C9DB47 /* Frameworks */,
				F105C8312A85C03300C9DB47 /* Resources */,
			);
			buildRules = (
			);
			dependencies = (
			);
			name = Socialcademy;
			packageProductDependencies = (
				F105C8452A85C1E100C9DB47 /* FirebaseAnalytics */,
				F105C8472A85C1E100C9DB47 /* FirebaseFirestore */,
				F105C8492A85C1E100C9DB47 /* FirebaseFirestoreSwift */,
			);
			productName = Socialcademy;
			productReference = F105C8332A85C03300C9DB47 /* Socialcademy.app */;
			productType = "com.apple.product-type.application";
		};
/* End PBXNativeTarget section */

/* Begin PBXProject section */
		F105C82B2A85C03300C9DB47 /* Project object */ = {
			isa = PBXProject;
			attributes = {
				BuildIndependentTargetsInParallel = 1;
				LastSwiftUpdateCheck = 1500;
				LastUpgradeCheck = 1500;
				TargetAttributes = {
					F105C8322A85C03300C9DB47 = {
						CreatedOnToolsVersion = 15.0;
					};
				};
			};
			buildConfigurationList = F105C82E2A85C03300C9DB47 /* Build configuration list for PBXProject "Socialcademy" */;
			compatibilityVersion = "Xcode 14.0";
			developmentRegion = en;
			hasScannedForEncodings = 0;
			knownRegions = (
				en,
				Base,
			);
			mainGroup = F105C82A2A85C03300C9DB47;
			packageReferences = (
				F105C8442A85C1E100C9DB47 /* XCRemoteSwiftPackageReference "firebase-ios-sdk" */,
			);
			productRefGroup = F105C8342A85C03300C9DB47 /* Products */;
			projectDirPath = "";
			projectRoot = "";
			targets = (
				F105C8322A85C03300C9DB47 /* Socialcademy */,
			);
		};
/* End PBXProject section */

/* Begin PBXResourcesBuildPhase section */
		F105C8312A85C03300C9DB47 /* Resources */ = {
			isa = PBXResourcesBuildPhase;
			buildActionMask = 2147483647;
			files = (
				F105C83E2A85C03500C9DB47 /* Preview Assets.xcassets in Resources */,
				F105C83B2A85C03500C9DB47 /* Assets.xcassets in Resources */,
				F105C84C2A85C39D00C9DB47 /* GoogleService-Info.plist in Resources */,
			);
			runOnlyForDeploymentPostprocessing = 0;
		};
/* End PBXResourcesBuildPhase section */

/* Begin PBXSourcesBuildPhase section */
		F105C82F2A85C03300C9DB47 /* Sources */ = {
			isa = PBXSourcesBuildPhase;
			buildActionMask = 2147483647;
			files = (
				F107B8572A8724070082631E /* PostViewModel.swift in Sources */,
				F105C8552A85CC0600C9DB47 /* Post.swift in Sources */,
				F1CF088F2A87F27000AD82BC /* PostsRepository.swift in Sources */,
				F105C8372A85C03300C9DB47 /* SocialcademyApp.swift in Sources */,
				F107B8522A85CFC40082631E /* PostRow.swift in Sources */,
				F105C8542A85C9F700C9DB47 /* PostsList.swift in Sources */,
				F107B8542A87202B0082631E /* NewPostForm.swift in Sources */,
			);
			runOnlyForDeploymentPostprocessing = 0;
		};
/* End PBXSourcesBuildPhase section */

/* Begin XCBuildConfiguration section */
		F105C83F2A85C03500C9DB47 /* Debug */ = {
			isa = XCBuildConfiguration;
			buildSettings = {
				ALWAYS_SEARCH_USER_PATHS = NO;
				ASSETCATALOG_COMPILER_GENERATE_SWIFT_ASSET_SYMBOL_EXTENSIONS = YES;
				CLANG_ANALYZER_NONNULL = YES;
				CLANG_ANALYZER_NUMBER_OBJECT_CONVERSION = YES_AGGRESSIVE;
				CLANG_CXX_LANGUAGE_STANDARD = "gnu++20";
				CLANG_ENABLE_MODULES = YES;
				CLANG_ENABLE_OBJC_ARC = YES;
				CLANG_ENABLE_OBJC_WEAK = YES;
				CLANG_WARN_BLOCK_CAPTURE_AUTORELEASING = YES;
				CLANG_WARN_BOOL_CONVERSION = YES;
				CLANG_WARN_COMMA = YES;
				CLANG_WARN_CONSTANT_CONVERSION = YES;
				CLANG_WARN_DEPRECATED_OBJC_IMPLEMENTATIONS = YES;
				CLANG_WARN_DIRECT_OBJC_ISA_USAGE = YES_ERROR;
				CLANG_WARN_DOCUMENTATION_COMMENTS = YES;
				CLANG_WARN_EMPTY_BODY = YES;
				CLANG_WARN_ENUM_CONVERSION = YES;
				CLANG_WARN_INFINITE_RECURSION = YES;
				CLANG_WARN_INT_CONVERSION = YES;
				CLANG_WARN_NON_LITERAL_NULL_CONVERSION = YES;
				CLANG_WARN_OBJC_IMPLICIT_RETAIN_SELF = YES;
				CLANG_WARN_OBJC_LITERAL_CONVERSION = YES;
				CLANG_WARN_OBJC_ROOT_CLASS = YES_ERROR;
				CLANG_WARN_QUOTED_INCLUDE_IN_FRAMEWORK_HEADER = YES;
				CLANG_WARN_RANGE_LOOP_ANALYSIS = YES;
				CLANG_WARN_STRICT_PROTOTYPES = YES;
				CLANG_WARN_SUSPICIOUS_MOVE = YES;
				CLANG_WARN_UNGUARDED_AVAILABILITY = YES_AGGRESSIVE;
				CLANG_WARN_UNREACHABLE_CODE = YES;
				CLANG_WARN__DUPLICATE_METHOD_MATCH = YES;
				COPY_PHASE_STRIP = NO;
				DEBUG_INFORMATION_FORMAT = dwarf;
				ENABLE_STRICT_OBJC_MSGSEND = YES;
				ENABLE_TESTABILITY = YES;
				ENABLE_USER_SCRIPT_SANDBOXING = YES;
				GCC_C_LANGUAGE_STANDARD = gnu17;
				GCC_DYNAMIC_NO_PIC = NO;
				GCC_NO_COMMON_BLOCKS = YES;
				GCC_OPTIMIZATION_LEVEL = 0;
				GCC_PREPROCESSOR_DEFINITIONS = (
					"DEBUG=1",
					"$(inherited)",
				);
				GCC_WARN_64_TO_32_BIT_CONVERSION = YES;
				GCC_WARN_ABOUT_RETURN_TYPE = YES_ERROR;
				GCC_WARN_UNDECLARED_SELECTOR = YES;
				GCC_WARN_UNINITIALIZED_AUTOS = YES_AGGRESSIVE;
				GCC_WARN_UNUSED_FUNCTION = YES;
				GCC_WARN_UNUSED_VARIABLE = YES;
				IPHONEOS_DEPLOYMENT_TARGET = 17.0;
				LOCALIZATION_PREFERS_STRING_CATALOGS = YES;
				MTL_ENABLE_DEBUG_INFO = INCLUDE_SOURCE;
				MTL_FAST_MATH = YES;
				ONLY_ACTIVE_ARCH = YES;
				SDKROOT = iphoneos;
				SWIFT_ACTIVE_COMPILATION_CONDITIONS = "DEBUG $(inherited)";
				SWIFT_OPTIMIZATION_LEVEL = "-Onone";
			};
			name = Debug;
		};
		F105C8402A85C03500C9DB47 /* Release */ = {
			isa = XCBuildConfiguration;
			buildSettings = {
				ALWAYS_SEARCH_USER_PATHS = NO;
				ASSETCATALOG_COMPILER_GENERATE_SWIFT_ASSET_SYMBOL_EXTENSIONS = YES;
				CLANG_ANALYZER_NONNULL = YES;
				CLANG_ANALYZER_NUMBER_OBJECT_CONVERSION = YES_AGGRESSIVE;
				CLANG_CXX_LANGUAGE_STANDARD = "gnu++20";
				CLANG_ENABLE_MODULES = YES;
				CLANG_ENABLE_OBJC_ARC = YES;
				CLANG_ENABLE_OBJC_WEAK = YES;
				CLANG_WARN_BLOCK_CAPTURE_AUTORELEASING = YES;
				CLANG_WARN_BOOL_CONVERSION = YES;
				CLANG_WARN_COMMA = YES;
				CLANG_WARN_CONSTANT_CONVERSION = YES;
				CLANG_WARN_DEPRECATED_OBJC_IMPLEMENTATIONS = YES;
				CLANG_WARN_DIRECT_OBJC_ISA_USAGE = YES_ERROR;
				CLANG_WARN_DOCUMENTATION_COMMENTS = YES;
				CLANG_WARN_EMPTY_BODY = YES;
				CLANG_WARN_ENUM_CONVERSION = YES;
				CLANG_WARN_INFINITE_RECURSION = YES;
				CLANG_WARN_INT_CONVERSION = YES;
				CLANG_WARN_NON_LITERAL_NULL_CONVERSION = YES;
				CLANG_WARN_OBJC_IMPLICIT_RETAIN_SELF = YES;
				CLANG_WARN_OBJC_LITERAL_CONVERSION = YES;
				CLANG_WARN_OBJC_ROOT_CLASS = YES_ERROR;
				CLANG_WARN_QUOTED_INCLUDE_IN_FRAMEWORK_HEADER = YES;
				CLANG_WARN_RANGE_LOOP_ANALYSIS = YES;
				CLANG_WARN_STRICT_PROTOTYPES = YES;
				CLANG_WARN_SUSPICIOUS_MOVE = YES;
				CLANG_WARN_UNGUARDED_AVAILABILITY = YES_AGGRESSIVE;
				CLANG_WARN_UNREACHABLE_CODE = YES;
				CLANG_WARN__DUPLICATE_METHOD_MATCH = YES;
				COPY_PHASE_STRIP = NO;
				DEBUG_INFORMATION_FORMAT = "dwarf-with-dsym";
				ENABLE_NS_ASSERTIONS = NO;
				ENABLE_STRICT_OBJC_MSGSEND = YES;
				ENABLE_USER_SCRIPT_SANDBOXING = YES;
				GCC_C_LANGUAGE_STANDARD = gnu17;
				GCC_NO_COMMON_BLOCKS = YES;
				GCC_WARN_64_TO_32_BIT_CONVERSION = YES;
				GCC_WARN_ABOUT_RETURN_TYPE = YES_ERROR;
				GCC_WARN_UNDECLARED_SELECTOR = YES;
				GCC_WARN_UNINITIALIZED_AUTOS = YES_AGGRESSIVE;
				GCC_WARN_UNUSED_FUNCTION = YES;
				GCC_WARN_UNUSED_VARIABLE = YES;
				IPHONEOS_DEPLOYMENT_TARGET = 17.0;
				LOCALIZATION_PREFERS_STRING_CATALOGS = YES;
				MTL_ENABLE_DEBUG_INFO = NO;
				MTL_FAST_MATH = YES;
				SDKROOT = iphoneos;
				SWIFT_COMPILATION_MODE = wholemodule;
				VALIDATE_PRODUCT = YES;
			};
			name = Release;
		};
		F105C8422A85C03500C9DB47 /* Debug */ = {
			isa = XCBuildConfiguration;
			buildSettings = {
				ASSETCATALOG_COMPILER_APPICON_NAME = AppIcon;
				ASSETCATALOG_COMPILER_GLOBAL_ACCENT_COLOR_NAME = AccentColor;
				CODE_SIGN_STYLE = Automatic;
				CURRENT_PROJECT_VERSION = 1;
				DEVELOPMENT_ASSET_PATHS = "Socialcademy/Resources/Preview\\ Content";
				DEVELOPMENT_TEAM = 7829FZ7A7M;
				ENABLE_PREVIEWS = YES;
				GENERATE_INFOPLIST_FILE = YES;
				INFOPLIST_KEY_UIApplicationSceneManifest_Generation = YES;
				INFOPLIST_KEY_UIApplicationSupportsIndirectInputEvents = YES;
				INFOPLIST_KEY_UILaunchScreen_Generation = YES;
				INFOPLIST_KEY_UISupportedInterfaceOrientations_iPad = "UIInterfaceOrientationPortrait UIInterfaceOrientationPortraitUpsideDown UIInterfaceOrientationLandscapeLeft UIInterfaceOrientationLandscapeRight";
				INFOPLIST_KEY_UISupportedInterfaceOrientations_iPhone = "UIInterfaceOrientationPortrait UIInterfaceOrientationLandscapeLeft UIInterfaceOrientationLandscapeRight";
				IPHONEOS_DEPLOYMENT_TARGET = 17.0;
				LD_RUNPATH_SEARCH_PATHS = (
					"$(inherited)",
					"@executable_path/Frameworks",
				);
				MARKETING_VERSION = 1.0;
				PRODUCT_BUNDLE_IDENTIFIER = brandonkamplain.Socialcademy;
				PRODUCT_NAME = "$(TARGET_NAME)";
				SWIFT_EMIT_LOC_STRINGS = YES;
				SWIFT_VERSION = 5.0;
				TARGETED_DEVICE_FAMILY = "1,2";
			};
			name = Debug;
		};
		F105C8432A85C03500C9DB47 /* Release */ = {
			isa = XCBuildConfiguration;
			buildSettings = {
				ASSETCATALOG_COMPILER_APPICON_NAME = AppIcon;
				ASSETCATALOG_COMPILER_GLOBAL_ACCENT_COLOR_NAME = AccentColor;
				CODE_SIGN_STYLE = Automatic;
				CURRENT_PROJECT_VERSION = 1;
				DEVELOPMENT_ASSET_PATHS = "Socialcademy/Resources/Preview\\ Content";
				DEVELOPMENT_TEAM = 7829FZ7A7M;
				ENABLE_PREVIEWS = YES;
				GENERATE_INFOPLIST_FILE = YES;
				INFOPLIST_KEY_UIApplicationSceneManifest_Generation = YES;
				INFOPLIST_KEY_UIApplicationSupportsIndirectInputEvents = YES;
				INFOPLIST_KEY_UILaunchScreen_Generation = YES;
				INFOPLIST_KEY_UISupportedInterfaceOrientations_iPad = "UIInterfaceOrientationPortrait UIInterfaceOrientationPortraitUpsideDown UIInterfaceOrientationLandscapeLeft UIInterfaceOrientationLandscapeRight";
				INFOPLIST_KEY_UISupportedInterfaceOrientations_iPhone = "UIInterfaceOrientationPortrait UIInterfaceOrientationLandscapeLeft UIInterfaceOrientationLandscapeRight";
				IPHONEOS_DEPLOYMENT_TARGET = 17.0;
				LD_RUNPATH_SEARCH_PATHS = (
					"$(inherited)",
					"@executable_path/Frameworks",
				);
				MARKETING_VERSION = 1.0;
				PRODUCT_BUNDLE_IDENTIFIER = brandonkamplain.Socialcademy;
				PRODUCT_NAME = "$(TARGET_NAME)";
				SWIFT_EMIT_LOC_STRINGS = YES;
				SWIFT_VERSION = 5.0;
				TARGETED_DEVICE_FAMILY = "1,2";
			};
			name = Release;
		};
/* End XCBuildConfiguration section */

/* Begin XCConfigurationList section */
		F105C82E2A85C03300C9DB47 /* Build configuration list for PBXProject "Socialcademy" */ = {
			isa = XCConfigurationList;
			buildConfigurations = (
				F105C83F2A85C03500C9DB47 /* Debug */,
				F105C8402A85C03500C9DB47 /* Release */,
			);
			defaultConfigurationIsVisible = 0;
			defaultConfigurationName = Release;
		};
		F105C8412A85C03500C9DB47 /* Build configuration list for PBXNativeTarget "Socialcademy" */ = {
			isa = XCConfigurationList;
			buildConfigurations = (
				F105C8422A85C03500C9DB47 /* Debug */,
				F105C8432A85C03500C9DB47 /* Release */,
			);
			defaultConfigurationIsVisible = 0;
			defaultConfigurationName = Release;
		};
/* End XCConfigurationList section */

/* Begin XCRemoteSwiftPackageReference section */
		F105C8442A85C1E100C9DB47 /* XCRemoteSwiftPackageReference "firebase-ios-sdk" */ = {
			isa = XCRemoteSwiftPackageReference;
			repositoryURL = "https://github.com/firebase/firebase-ios-sdk.git";
			requirement = {
				kind = upToNextMajorVersion;
				minimumVersion = 10.13.0;
			};
		};
/* End XCRemoteSwiftPackageReference section */

/* Begin XCSwiftPackageProductDependency section */
		F105C8452A85C1E100C9DB47 /* FirebaseAnalytics */ = {
			isa = XCSwiftPackageProductDependency;
			package = F105C8442A85C1E100C9DB47 /* XCRemoteSwiftPackageReference "firebase-ios-sdk" */;
			productName = FirebaseAnalytics;
		};
		F105C8472A85C1E100C9DB47 /* FirebaseFirestore */ = {
			isa = XCSwiftPackageProductDependency;
			package = F105C8442A85C1E100C9DB47 /* XCRemoteSwiftPackageReference "firebase-ios-sdk" */;
			productName = FirebaseFirestore;
		};
		F105C8492A85C1E100C9DB47 /* FirebaseFirestoreSwift */ = {
			isa = XCSwiftPackageProductDependency;
			package = F105C8442A85C1E100C9DB47 /* XCRemoteSwiftPackageReference "firebase-ios-sdk" */;
			productName = FirebaseFirestoreSwift;
		};
/* End XCSwiftPackageProductDependency section */
	};
	rootObject = F105C82B2A85C03300C9DB47 /* Project object */;
}
