// !$*UTF8*$!
{
	archiveVersion = 1;
	classes = {
	};
	objectVersion = 56;
	objects = {

/* Begin PBXBuildFile section */
		F105C7C42A831E0000C9DB47 /* TestingApp.swift in Sources */ = {isa = PBXBuildFile; fileRef = F105C7C32A831E0000C9DB47 /* TestingApp.swift */; };
		F105C7C62A831E0000C9DB47 /* ContentView.swift in Sources */ = {isa = PBXBuildFile; fileRef = F105C7C52A831E0000C9DB47 /* ContentView.swift */; };
		F105C7C82A831E0200C9DB47 /* Assets.xcassets in Resources */ = {isa = PBXBuildFile; fileRef = F105C7C72A831E0200C9DB47 /* Assets.xcassets */; };
		F105C7CB2A831E0200C9DB47 /* Preview Assets.xcassets in Resources */ = {isa = PBXBuildFile; fileRef = F105C7CA2A831E0200C9DB47 /* Preview Assets.xcassets */; };
		F105C7D52A831E0200C9DB47 /* TestingTests.swift in Sources */ = {isa = PBXBuildFile; fileRef = F105C7D42A831E0200C9DB47 /* TestingTests.swift */; };
		F105C7DF2A831E0200C9DB47 /* TestingUITests.swift in Sources */ = {isa = PBXBuildFile; fileRef = F105C7DE2A831E0200C9DB47 /* TestingUITests.swift */; };
		F105C7E12A831E0200C9DB47 /* TestingUITestsLaunchTests.swift in Sources */ = {isa = PBXBuildFile; fileRef = F105C7E02A831E0200C9DB47 /* TestingUITestsLaunchTests.swift */; };
		F105C7EE2A84725800C9DB47 /* data.json in Resources */ = {isa = PBXBuildFile; fileRef = F105C7ED2A84725800C9DB47 /* data.json */; };
		F105C7EF2A84758200C9DB47 /* data.json in Resources */ = {isa = PBXBuildFile; fileRef = F105C7ED2A84725800C9DB47 /* data.json */; };
/* End PBXBuildFile section */

/* Begin PBXContainerItemProxy section */
		F105C7D12A831E0200C9DB47 /* PBXContainerItemProxy */ = {
			isa = PBXContainerItemProxy;
			containerPortal = F105C7B82A831E0000C9DB47 /* Project object */;
			proxyType = 1;
			remoteGlobalIDString = F105C7BF2A831E0000C9DB47;
			remoteInfo = Testing;
		};
		F105C7DB2A831E0200C9DB47 /* PBXContainerItemProxy */ = {
			isa = PBXContainerItemProxy;
			containerPortal = F105C7B82A831E0000C9DB47 /* Project object */;
			proxyType = 1;
			remoteGlobalIDString = F105C7BF2A831E0000C9DB47;
			remoteInfo = Testing;
		};
/* End PBXContainerItemProxy section */

/* Begin PBXFileReference section */
		F105C7C02A831E0000C9DB47 /* Testing.app */ = {isa = PBXFileReference; explicitFileType = wrapper.application; includeInIndex = 0; path = Testing.app; sourceTree = BUILT_PRODUCTS_DIR; };
		F105C7C32A831E0000C9DB47 /* TestingApp.swift */ = {isa = PBXFileReference; lastKnownFileType = sourcecode.swift; path = TestingApp.swift; sourceTree = "<group>"; };
		F105C7C52A831E0000C9DB47 /* ContentView.swift */ = {isa = PBXFileReference; lastKnownFileType = sourcecode.swift; path = ContentView.swift; sourceTree = "<group>"; };
		F105C7C72A831E0200C9DB47 /* Assets.xcassets */ = {isa = PBXFileReference; lastKnownFileType = folder.assetcatalog; path = Assets.xcassets; sourceTree = "<group>"; };
		F105C7CA2A831E0200C9DB47 /* Preview Assets.xcassets */ = {isa = PBXFileReference; lastKnownFileType = folder.assetcatalog; path = "Preview Assets.xcassets"; sourceTree = "<group>"; };
		F105C7D02A831E0200C9DB47 /* TestingTests.xctest */ = {isa = PBXFileReference; explicitFileType = wrapper.cfbundle; includeInIndex = 0; path = TestingTests.xctest; sourceTree = BUILT_PRODUCTS_DIR; };
		F105C7D42A831E0200C9DB47 /* TestingTests.swift */ = {isa = PBXFileReference; lastKnownFileType = sourcecode.swift; path = TestingTests.swift; sourceTree = "<group>"; };
		F105C7DA2A831E0200C9DB47 /* TestingUITests.xctest */ = {isa = PBXFileReference; explicitFileType = wrapper.cfbundle; includeInIndex = 0; path = TestingUITests.xctest; sourceTree = BUILT_PRODUCTS_DIR; };
		F105C7DE2A831E0200C9DB47 /* TestingUITests.swift */ = {isa = PBXFileReference; lastKnownFileType = sourcecode.swift; path = TestingUITests.swift; sourceTree = "<group>"; };
		F105C7E02A831E0200C9DB47 /* TestingUITestsLaunchTests.swift */ = {isa = PBXFileReference; lastKnownFileType = sourcecode.swift; path = TestingUITestsLaunchTests.swift; sourceTree = "<group>"; };
		F105C7ED2A84725800C9DB47 /* data.json */ = {isa = PBXFileReference; lastKnownFileType = text.json; path = data.json; sourceTree = "<group>"; };
/* End PBXFileReference section */

/* Begin PBXFrameworksBuildPhase section */
		F105C7BD2A831E0000C9DB47 /* Frameworks */ = {
			isa = PBXFrameworksBuildPhase;
			buildActionMask = 2147483647;
			files = (
			);
			runOnlyForDeploymentPostprocessing = 0;
		};
		F105C7CD2A831E0200C9DB47 /* Frameworks */ = {
			isa = PBXFrameworksBuildPhase;
			buildActionMask = 2147483647;
			files = (
			);
			runOnlyForDeploymentPostprocessing = 0;
		};
		F105C7D72A831E0200C9DB47 /* Frameworks */ = {
			isa = PBXFrameworksBuildPhase;
			buildActionMask = 2147483647;
			files = (
			);
			runOnlyForDeploymentPostprocessing = 0;
		};
/* End PBXFrameworksBuildPhase section */

/* Begin PBXGroup section */
		F105C7B72A831E0000C9DB47 = {
			isa = PBXGroup;
			children = (
				F105C7C22A831E0000C9DB47 /* Testing */,
				F105C7D32A831E0200C9DB47 /* TestingTests */,
				F105C7DD2A831E0200C9DB47 /* TestingUITests */,
				F105C7C12A831E0000C9DB47 /* Products */,
			);
			sourceTree = "<group>";
		};
		F105C7C12A831E0000C9DB47 /* Products */ = {
			isa = PBXGroup;
			children = (
				F105C7C02A831E0000C9DB47 /* Testing.app */,
				F105C7D02A831E0200C9DB47 /* TestingTests.xctest */,
				F105C7DA2A831E0200C9DB47 /* TestingUITests.xctest */,
			);
			name = Products;
			sourceTree = "<group>";
		};
		F105C7C22A831E0000C9DB47 /* Testing */ = {
			isa = PBXGroup;
			children = (
				F105C7C32A831E0000C9DB47 /* TestingApp.swift */,
				F105C7C52A831E0000C9DB47 /* ContentView.swift */,
				F105C7C72A831E0200C9DB47 /* Assets.xcassets */,
				F105C7C92A831E0200C9DB47 /* Preview Content */,
			);
			path = Testing;
			sourceTree = "<group>";
		};
		F105C7C92A831E0200C9DB47 /* Preview Content */ = {
			isa = PBXGroup;
			children = (
				F105C7CA2A831E0200C9DB47 /* Preview Assets.xcassets */,
			);
			path = "Preview Content";
			sourceTree = "<group>";
		};
		F105C7D32A831E0200C9DB47 /* TestingTests */ = {
			isa = PBXGroup;
			children = (
				F105C7D42A831E0200C9DB47 /* TestingTests.swift */,
				F105C7ED2A84725800C9DB47 /* data.json */,
			);
			path = TestingTests;
			sourceTree = "<group>";
		};
		F105C7DD2A831E0200C9DB47 /* TestingUITests */ = {
			isa = PBXGroup;
			children = (
				F105C7DE2A831E0200C9DB47 /* TestingUITests.swift */,
				F105C7E02A831E0200C9DB47 /* TestingUITestsLaunchTests.swift */,
			);
			path = TestingUITests;
			sourceTree = "<group>";
		};
/* End PBXGroup section */

/* Begin PBXNativeTarget section */
		F105C7BF2A831E0000C9DB47 /* Testing */ = {
			isa = PBXNativeTarget;
			buildConfigurationList = F105C7E42A831E0200C9DB47 /* Build configuration list for PBXNativeTarget "Testing" */;
			buildPhases = (
				F105C7BC2A831E0000C9DB47 /* Sources */,
				F105C7BD2A831E0000C9DB47 /* Frameworks */,
				F105C7BE2A831E0000C9DB47 /* Resources */,
			);
			buildRules = (
			);
			dependencies = (
			);
			name = Testing;
			productName = Testing;
			productReference = F105C7C02A831E0000C9DB47 /* Testing.app */;
			productType = "com.apple.product-type.application";
		};
		F105C7CF2A831E0200C9DB47 /* TestingTests */ = {
			isa = PBXNativeTarget;
			buildConfigurationList = F105C7E72A831E0200C9DB47 /* Build configuration list for PBXNativeTarget "TestingTests" */;
			buildPhases = (
				F105C7CC2A831E0200C9DB47 /* Sources */,
				F105C7CD2A831E0200C9DB47 /* Frameworks */,
				F105C7CE2A831E0200C9DB47 /* Resources */,
			);
			buildRules = (
			);
			dependencies = (
				F105C7D22A831E0200C9DB47 /* PBXTargetDependency */,
			);
			name = TestingTests;
			productName = TestingTests;
			productReference = F105C7D02A831E0200C9DB47 /* TestingTests.xctest */;
			productType = "com.apple.product-type.bundle.unit-test";
		};
		F105C7D92A831E0200C9DB47 /* TestingUITests */ = {
			isa = PBXNativeTarget;
			buildConfigurationList = F105C7EA2A831E0200C9DB47 /* Build configuration list for PBXNativeTarget "TestingUITests" */;
			buildPhases = (
				F105C7D62A831E0200C9DB47 /* Sources */,
				F105C7D72A831E0200C9DB47 /* Frameworks */,
				F105C7D82A831E0200C9DB47 /* Resources */,
			);
			buildRules = (
			);
			dependencies = (
				F105C7DC2A831E0200C9DB47 /* PBXTargetDependency */,
			);
			name = TestingUITests;
			productName = TestingUITests;
			productReference = F105C7DA2A831E0200C9DB47 /* TestingUITests.xctest */;
			productType = "com.apple.product-type.bundle.ui-testing";
		};
/* End PBXNativeTarget section */

/* Begin PBXProject section */
		F105C7B82A831E0000C9DB47 /* Project object */ = {
			isa = PBXProject;
			attributes = {
				BuildIndependentTargetsInParallel = 1;
				LastSwiftUpdateCheck = 1500;
				LastUpgradeCheck = 1500;
				TargetAttributes = {
					F105C7BF2A831E0000C9DB47 = {
						CreatedOnToolsVersion = 15.0;
					};
					F105C7CF2A831E0200C9DB47 = {
						CreatedOnToolsVersion = 15.0;
						TestTargetID = F105C7BF2A831E0000C9DB47;
					};
					F105C7D92A831E0200C9DB47 = {
						CreatedOnToolsVersion = 15.0;
						TestTargetID = F105C7BF2A831E0000C9DB47;
					};
				};
			};
			buildConfigurationList = F105C7BB2A831E0000C9DB47 /* Build configuration list for PBXProject "Testing" */;
			compatibilityVersion = "Xcode 14.0";
			developmentRegion = en;
			hasScannedForEncodings = 0;
			knownRegions = (
				en,
				Base,
			);
			mainGroup = F105C7B72A831E0000C9DB47;
			productRefGroup = F105C7C12A831E0000C9DB47 /* Products */;
			projectDirPath = "";
			projectRoot = "";
			targets = (
				F105C7BF2A831E0000C9DB47 /* Testing */,
				F105C7CF2A831E0200C9DB47 /* TestingTests */,
				F105C7D92A831E0200C9DB47 /* TestingUITests */,
			);
		};
/* End PBXProject section */

/* Begin PBXResourcesBuildPhase section */
		F105C7BE2A831E0000C9DB47 /* Resources */ = {
			isa = PBXResourcesBuildPhase;
			buildActionMask = 2147483647;
			files = (
				F105C7CB2A831E0200C9DB47 /* Preview Assets.xcassets in Resources */,
				F105C7EE2A84725800C9DB47 /* data.json in Resources */,
				F105C7C82A831E0200C9DB47 /* Assets.xcassets in Resources */,
			);
			runOnlyForDeploymentPostprocessing = 0;
		};
		F105C7CE2A831E0200C9DB47 /* Resources */ = {
			isa = PBXResourcesBuildPhase;
			buildActionMask = 2147483647;
			files = (
				F105C7EF2A84758200C9DB47 /* data.json in Resources */,
			);
			runOnlyForDeploymentPostprocessing = 0;
		};
		F105C7D82A831E0200C9DB47 /* Resources */ = {
			isa = PBXResourcesBuildPhase;
			buildActionMask = 2147483647;
			files = (
			);
			runOnlyForDeploymentPostprocessing = 0;
		};
/* End PBXResourcesBuildPhase section */

/* Begin PBXSourcesBuildPhase section */
		F105C7BC2A831E0000C9DB47 /* Sources */ = {
			isa = PBXSourcesBuildPhase;
			buildActionMask = 2147483647;
			files = (
				F105C7C62A831E0000C9DB47 /* ContentView.swift in Sources */,
				F105C7C42A831E0000C9DB47 /* TestingApp.swift in Sources */,
			);
			runOnlyForDeploymentPostprocessing = 0;
		};
		F105C7CC2A831E0200C9DB47 /* Sources */ = {
			isa = PBXSourcesBuildPhase;
			buildActionMask = 2147483647;
			files = (
				F105C7D52A831E0200C9DB47 /* TestingTests.swift in Sources */,
			);
			runOnlyForDeploymentPostprocessing = 0;
		};
		F105C7D62A831E0200C9DB47 /* Sources */ = {
			isa = PBXSourcesBuildPhase;
			buildActionMask = 2147483647;
			files = (
				F105C7DF2A831E0200C9DB47 /* TestingUITests.swift in Sources */,
				F105C7E12A831E0200C9DB47 /* TestingUITestsLaunchTests.swift in Sources */,
			);
			runOnlyForDeploymentPostprocessing = 0;
		};
/* End PBXSourcesBuildPhase section */

/* Begin PBXTargetDependency section */
		F105C7D22A831E0200C9DB47 /* PBXTargetDependency */ = {
			isa = PBXTargetDependency;
			target = F105C7BF2A831E0000C9DB47 /* Testing */;
			targetProxy = F105C7D12A831E0200C9DB47 /* PBXContainerItemProxy */;
		};
		F105C7DC2A831E0200C9DB47 /* PBXTargetDependency */ = {
			isa = PBXTargetDependency;
			target = F105C7BF2A831E0000C9DB47 /* Testing */;
			targetProxy = F105C7DB2A831E0200C9DB47 /* PBXContainerItemProxy */;
		};
/* End PBXTargetDependency section */

/* Begin XCBuildConfiguration section */
		F105C7E22A831E0200C9DB47 /* Debug */ = {
			isa = XCBuildConfiguration;
			buildSettings = {
				ALWAYS_SEARCH_USER_PATHS = NO;
				ASSETCATALOG_COMPILER_GENERATE_SWIFT_ASSET_SYMBOL_EXTENSIONS = YES;
				CLANG_ANALYZER_NONNULL = YES;
				CLANG_ANALYZER_NUMBER_OBJECT_CONVERSION = YES_AGGRESSIVE;
				CLANG_CXX_LANGUAGE_STANDARD = "gnu++20";
				CLANG_ENABLE_MODULES = YES;
				CLANG_ENABLE_OBJC_ARC = YES;
				CLANG_ENABLE_OBJC_WEAK = YES;
				CLANG_WARN_BLOCK_CAPTURE_AUTORELEASING = YES;
				CLANG_WARN_BOOL_CONVERSION = YES;
				CLANG_WARN_COMMA = YES;
				CLANG_WARN_CONSTANT_CONVERSION = YES;
				CLANG_WARN_DEPRECATED_OBJC_IMPLEMENTATIONS = YES;
				CLANG_WARN_DIRECT_OBJC_ISA_USAGE = YES_ERROR;
				CLANG_WARN_DOCUMENTATION_COMMENTS = YES;
				CLANG_WARN_EMPTY_BODY = YES;
				CLANG_WARN_ENUM_CONVERSION = YES;
				CLANG_WARN_INFINITE_RECURSION = YES;
				CLANG_WARN_INT_CONVERSION = YES;
				CLANG_WARN_NON_LITERAL_NULL_CONVERSION = YES;
				CLANG_WARN_OBJC_IMPLICIT_RETAIN_SELF = YES;
				CLANG_WARN_OBJC_LITERAL_CONVERSION = YES;
				CLANG_WARN_OBJC_ROOT_CLASS = YES_ERROR;
				CLANG_WARN_QUOTED_INCLUDE_IN_FRAMEWORK_HEADER = YES;
				CLANG_WARN_RANGE_LOOP_ANALYSIS = YES;
				CLANG_WARN_STRICT_PROTOTYPES = YES;
				CLANG_WARN_SUSPICIOUS_MOVE = YES;
				CLANG_WARN_UNGUARDED_AVAILABILITY = YES_AGGRESSIVE;
				CLANG_WARN_UNREACHABLE_CODE = YES;
				CLANG_WARN__DUPLICATE_METHOD_MATCH = YES;
				COPY_PHASE_STRIP = NO;
				DEBUG_INFORMATION_FORMAT = dwarf;
				ENABLE_STRICT_OBJC_MSGSEND = YES;
				ENABLE_TESTABILITY = YES;
				ENABLE_USER_SCRIPT_SANDBOXING = YES;
				GCC_C_LANGUAGE_STANDARD = gnu17;
				GCC_DYNAMIC_NO_PIC = NO;
				GCC_NO_COMMON_BLOCKS = YES;
				GCC_OPTIMIZATION_LEVEL = 0;
				GCC_PREPROCESSOR_DEFINITIONS = (
					"DEBUG=1",
					"$(inherited)",
				);
				GCC_WARN_64_TO_32_BIT_CONVERSION = YES;
				GCC_WARN_ABOUT_RETURN_TYPE = YES_ERROR;
				GCC_WARN_UNDECLARED_SELECTOR = YES;
				GCC_WARN_UNINITIALIZED_AUTOS = YES_AGGRESSIVE;
				GCC_WARN_UNUSED_FUNCTION = YES;
				GCC_WARN_UNUSED_VARIABLE = YES;
				IPHONEOS_DEPLOYMENT_TARGET = 17.0;
				LOCALIZATION_PREFERS_STRING_CATALOGS = YES;
				MTL_ENABLE_DEBUG_INFO = INCLUDE_SOURCE;
				MTL_FAST_MATH = YES;
				ONLY_ACTIVE_ARCH = YES;
				SDKROOT = iphoneos;
				SWIFT_ACTIVE_COMPILATION_CONDITIONS = "DEBUG $(inherited)";
				SWIFT_OPTIMIZATION_LEVEL = "-Onone";
			};
			name = Debug;
		};
		F105C7E32A831E0200C9DB47 /* Release */ = {
			isa = XCBuildConfiguration;
			buildSettings = {
				ALWAYS_SEARCH_USER_PATHS = NO;
				ASSETCATALOG_COMPILER_GENERATE_SWIFT_ASSET_SYMBOL_EXTENSIONS = YES;
				CLANG_ANALYZER_NONNULL = YES;
				CLANG_ANALYZER_NUMBER_OBJECT_CONVERSION = YES_AGGRESSIVE;
				CLANG_CXX_LANGUAGE_STANDARD = "gnu++20";
				CLANG_ENABLE_MODULES = YES;
				CLANG_ENABLE_OBJC_ARC = YES;
				CLANG_ENABLE_OBJC_WEAK = YES;
				CLANG_WARN_BLOCK_CAPTURE_AUTORELEASING = YES;
				CLANG_WARN_BOOL_CONVERSION = YES;
				CLANG_WARN_COMMA = YES;
				CLANG_WARN_CONSTANT_CONVERSION = YES;
				CLANG_WARN_DEPRECATED_OBJC_IMPLEMENTATIONS = YES;
				CLANG_WARN_DIRECT_OBJC_ISA_USAGE = YES_ERROR;
				CLANG_WARN_DOCUMENTATION_COMMENTS = YES;
				CLANG_WARN_EMPTY_BODY = YES;
				CLANG_WARN_ENUM_CONVERSION = YES;
				CLANG_WARN_INFINITE_RECURSION = YES;
				CLANG_WARN_INT_CONVERSION = YES;
				CLANG_WARN_NON_LITERAL_NULL_CONVERSION = YES;
				CLANG_WARN_OBJC_IMPLICIT_RETAIN_SELF = YES;
				CLANG_WARN_OBJC_LITERAL_CONVERSION = YES;
				CLANG_WARN_OBJC_ROOT_CLASS = YES_ERROR;
				CLANG_WARN_QUOTED_INCLUDE_IN_FRAMEWORK_HEADER = YES;
				CLANG_WARN_RANGE_LOOP_ANALYSIS = YES;
				CLANG_WARN_STRICT_PROTOTYPES = YES;
				CLANG_WARN_SUSPICIOUS_MOVE = YES;
				CLANG_WARN_UNGUARDED_AVAILABILITY = YES_AGGRESSIVE;
				CLANG_WARN_UNREACHABLE_CODE = YES;
				CLANG_WARN__DUPLICATE_METHOD_MATCH = YES;
				COPY_PHASE_STRIP = NO;
				DEBUG_INFORMATION_FORMAT = "dwarf-with-dsym";
				ENABLE_NS_ASSERTIONS = NO;
				ENABLE_STRICT_OBJC_MSGSEND = YES;
				ENABLE_USER_SCRIPT_SANDBOXING = YES;
				GCC_C_LANGUAGE_STANDARD = gnu17;
				GCC_NO_COMMON_BLOCKS = YES;
				GCC_WARN_64_TO_32_BIT_CONVERSION = YES;
				GCC_WARN_ABOUT_RETURN_TYPE = YES_ERROR;
				GCC_WARN_UNDECLARED_SELECTOR = YES;
				GCC_WARN_UNINITIALIZED_AUTOS = YES_AGGRESSIVE;
				GCC_WARN_UNUSED_FUNCTION = YES;
				GCC_WARN_UNUSED_VARIABLE = YES;
				IPHONEOS_DEPLOYMENT_TARGET = 17.0;
				LOCALIZATION_PREFERS_STRING_CATALOGS = YES;
				MTL_ENABLE_DEBUG_INFO = NO;
				MTL_FAST_MATH = YES;
				SDKROOT = iphoneos;
				SWIFT_COMPILATION_MODE = wholemodule;
				VALIDATE_PRODUCT = YES;
			};
			name = Release;
		};
		F105C7E52A831E0200C9DB47 /* Debug */ = {
			isa = XCBuildConfiguration;
			buildSettings = {
				ASSETCATALOG_COMPILER_APPICON_NAME = AppIcon;
				ASSETCATALOG_COMPILER_GLOBAL_ACCENT_COLOR_NAME = AccentColor;
				CODE_SIGN_STYLE = Automatic;
				CURRENT_PROJECT_VERSION = 1;
				DEVELOPMENT_ASSET_PATHS = "\"Testing/Preview Content\"";
				DEVELOPMENT_TEAM = 7829FZ7A7M;
				ENABLE_PREVIEWS = YES;
				GENERATE_INFOPLIST_FILE = YES;
				INFOPLIST_KEY_UIApplicationSceneManifest_Generation = YES;
				INFOPLIST_KEY_UIApplicationSupportsIndirectInputEvents = YES;
				INFOPLIST_KEY_UILaunchScreen_Generation = YES;
				INFOPLIST_KEY_UISupportedInterfaceOrientations_iPad = "UIInterfaceOrientationPortrait UIInterfaceOrientationPortraitUpsideDown UIInterfaceOrientationLandscapeLeft UIInterfaceOrientationLandscapeRight";
				INFOPLIST_KEY_UISupportedInterfaceOrientations_iPhone = "UIInterfaceOrientationPortrait UIInterfaceOrientationLandscapeLeft UIInterfaceOrientationLandscapeRight";
				LD_RUNPATH_SEARCH_PATHS = (
					"$(inherited)",
					"@executable_path/Frameworks",
				);
				MARKETING_VERSION = 1.0;
				PRODUCT_BUNDLE_IDENTIFIER = brandonkamplain.Testing;
				PRODUCT_NAME = "$(TARGET_NAME)";
				SWIFT_EMIT_LOC_STRINGS = YES;
				SWIFT_VERSION = 5.0;
				TARGETED_DEVICE_FAMILY = "1,2";
			};
			name = Debug;
		};
		F105C7E62A831E0200C9DB47 /* Release */ = {
			isa = XCBuildConfiguration;
			buildSettings = {
				ASSETCATALOG_COMPILER_APPICON_NAME = AppIcon;
				ASSETCATALOG_COMPILER_GLOBAL_ACCENT_COLOR_NAME = AccentColor;
				CODE_SIGN_STYLE = Automatic;
				CURRENT_PROJECT_VERSION = 1;
				DEVELOPMENT_ASSET_PATHS = "\"Testing/Preview Content\"";
				DEVELOPMENT_TEAM = 7829FZ7A7M;
				ENABLE_PREVIEWS = YES;
				GENERATE_INFOPLIST_FILE = YES;
				INFOPLIST_KEY_UIApplicationSceneManifest_Generation = YES;
				INFOPLIST_KEY_UIApplicationSupportsIndirectInputEvents = YES;
				INFOPLIST_KEY_UILaunchScreen_Generation = YES;
				INFOPLIST_KEY_UISupportedInterfaceOrientations_iPad = "UIInterfaceOrientationPortrait UIInterfaceOrientationPortraitUpsideDown UIInterfaceOrientationLandscapeLeft UIInterfaceOrientationLandscapeRight";
				INFOPLIST_KEY_UISupportedInterfaceOrientations_iPhone = "UIInterfaceOrientationPortrait UIInterfaceOrientationLandscapeLeft UIInterfaceOrientationLandscapeRight";
				LD_RUNPATH_SEARCH_PATHS = (
					"$(inherited)",
					"@executable_path/Frameworks",
				);
				MARKETING_VERSION = 1.0;
				PRODUCT_BUNDLE_IDENTIFIER = brandonkamplain.Testing;
				PRODUCT_NAME = "$(TARGET_NAME)";
				SWIFT_EMIT_LOC_STRINGS = YES;
				SWIFT_VERSION = 5.0;
				TARGETED_DEVICE_FAMILY = "1,2";
			};
			name = Release;
		};
		F105C7E82A831E0200C9DB47 /* Debug */ = {
			isa = XCBuildConfiguration;
			buildSettings = {
				ALWAYS_EMBED_SWIFT_STANDARD_LIBRARIES = YES;
				BUNDLE_LOADER = "$(TEST_HOST)";
				CODE_SIGN_STYLE = Automatic;
				CURRENT_PROJECT_VERSION = 1;
				DEVELOPMENT_TEAM = 7829FZ7A7M;
				GENERATE_INFOPLIST_FILE = YES;
				IPHONEOS_DEPLOYMENT_TARGET = 17.0;
				MARKETING_VERSION = 1.0;
				PRODUCT_BUNDLE_IDENTIFIER = brandonkamplain.TestingTests;
				PRODUCT_NAME = "$(TARGET_NAME)";
				SWIFT_EMIT_LOC_STRINGS = NO;
				SWIFT_VERSION = 5.0;
				TARGETED_DEVICE_FAMILY = "1,2";
				TEST_HOST = "$(BUILT_PRODUCTS_DIR)/Testing.app/$(BUNDLE_EXECUTABLE_FOLDER_PATH)/Testing";
			};
			name = Debug;
		};
		F105C7E92A831E0200C9DB47 /* Release */ = {
			isa = XCBuildConfiguration;
			buildSettings = {
				ALWAYS_EMBED_SWIFT_STANDARD_LIBRARIES = YES;
				BUNDLE_LOADER = "$(TEST_HOST)";
				CODE_SIGN_STYLE = Automatic;
				CURRENT_PROJECT_VERSION = 1;
				DEVELOPMENT_TEAM = 7829FZ7A7M;
				GENERATE_INFOPLIST_FILE = YES;
				IPHONEOS_DEPLOYMENT_TARGET = 17.0;
				MARKETING_VERSION = 1.0;
				PRODUCT_BUNDLE_IDENTIFIER = brandonkamplain.TestingTests;
				PRODUCT_NAME = "$(TARGET_NAME)";
				SWIFT_EMIT_LOC_STRINGS = NO;
				SWIFT_VERSION = 5.0;
				TARGETED_DEVICE_FAMILY = "1,2";
				TEST_HOST = "$(BUILT_PRODUCTS_DIR)/Testing.app/$(BUNDLE_EXECUTABLE_FOLDER_PATH)/Testing";
			};
			name = Release;
		};
		F105C7EB2A831E0200C9DB47 /* Debug */ = {
			isa = XCBuildConfiguration;
			buildSettings = {
				ALWAYS_EMBED_SWIFT_STANDARD_LIBRARIES = YES;
				CODE_SIGN_STYLE = Automatic;
				CURRENT_PROJECT_VERSION = 1;
				DEVELOPMENT_TEAM = 7829FZ7A7M;
				GENERATE_INFOPLIST_FILE = YES;
				MARKETING_VERSION = 1.0;
				PRODUCT_BUNDLE_IDENTIFIER = brandonkamplain.TestingUITests;
				PRODUCT_NAME = "$(TARGET_NAME)";
				SWIFT_EMIT_LOC_STRINGS = NO;
				SWIFT_VERSION = 5.0;
				TARGETED_DEVICE_FAMILY = "1,2";
				TEST_TARGET_NAME = Testing;
			};
			name = Debug;
		};
		F105C7EC2A831E0200C9DB47 /* Release */ = {
			isa = XCBuildConfiguration;
			buildSettings = {
				ALWAYS_EMBED_SWIFT_STANDARD_LIBRARIES = YES;
				CODE_SIGN_STYLE = Automatic;
				CURRENT_PROJECT_VERSION = 1;
				DEVELOPMENT_TEAM = 7829FZ7A7M;
				GENERATE_INFOPLIST_FILE = YES;
				MARKETING_VERSION = 1.0;
				PRODUCT_BUNDLE_IDENTIFIER = brandonkamplain.TestingUITests;
				PRODUCT_NAME = "$(TARGET_NAME)";
				SWIFT_EMIT_LOC_STRINGS = NO;
				SWIFT_VERSION = 5.0;
				TARGETED_DEVICE_FAMILY = "1,2";
				TEST_TARGET_NAME = Testing;
			};
			name = Release;
		};
/* End XCBuildConfiguration section */

/* Begin XCConfigurationList section */
		F105C7BB2A831E0000C9DB47 /* Build configuration list for PBXProject "Testing" */ = {
			isa = XCConfigurationList;
			buildConfigurations = (
				F105C7E22A831E0200C9DB47 /* Debug */,
				F105C7E32A831E0200C9DB47 /* Release */,
			);
			defaultConfigurationIsVisible = 0;
			defaultConfigurationName = Release;
		};
		F105C7E42A831E0200C9DB47 /* Build configuration list for PBXNativeTarget "Testing" */ = {
			isa = XCConfigurationList;
			buildConfigurations = (
				F105C7E52A831E0200C9DB47 /* Debug */,
				F105C7E62A831E0200C9DB47 /* Release */,
			);
			defaultConfigurationIsVisible = 0;
			defaultConfigurationName = Release;
		};
		F105C7E72A831E0200C9DB47 /* Build configuration list for PBXNativeTarget "TestingTests" */ = {
			isa = XCConfigurationList;
			buildConfigurations = (
				F105C7E82A831E0200C9DB47 /* Debug */,
				F105C7E92A831E0200C9DB47 /* Release */,
			);
			defaultConfigurationIsVisible = 0;
			defaultConfigurationName = Release;
		};
		F105C7EA2A831E0200C9DB47 /* Build configuration list for PBXNativeTarget "TestingUITests" */ = {
			isa = XCConfigurationList;
			buildConfigurations = (
				F105C7EB2A831E0200C9DB47 /* Debug */,
				F105C7EC2A831E0200C9DB47 /* Release */,
			);
			defaultConfigurationIsVisible = 0;
			defaultConfigurationName = Release;
		};
/* End XCConfigurationList section */
	};
	rootObject = F105C7B82A831E0000C9DB47 /* Project object */;
}
